<?xml version="1.0" encoding="utf-8"?>
<Project ToolsVersion="15.0" xmlns="http://schemas.microsoft.com/developer/msbuild/2003">
  <ItemGroup>
    <ClCompile Include="D:\work\Private\VulkanStudy\gli-0.8.2.0\gli\core\dummy.cpp">
      <Filter>Core Files</Filter>
    </ClCompile>
  </ItemGroup>
  <ItemGroup>
    <ClInclude Include="D:\work\Private\VulkanStudy\gli-0.8.2.0\gli\clear.hpp">
      <Filter>Header Files</Filter>
    </ClInclude>
    <ClInclude Include="D:\work\Private\VulkanStudy\gli-0.8.2.0\gli\comparison.hpp">
      <Filter>Header Files</Filter>
    </ClInclude>
    <ClInclude Include="D:\work\Private\VulkanStudy\gli-0.8.2.0\gli\convert.hpp">
      <Filter>Header Files</Filter>
    </ClInclude>
    <ClInclude Include="D:\work\Private\VulkanStudy\gli-0.8.2.0\gli\copy.hpp">
      <Filter>Header Files</Filter>
    </ClInclude>
    <ClInclude Include="D:\work\Private\VulkanStudy\gli-0.8.2.0\gli\duplicate.hpp">
      <Filter>Header Files</Filter>
    </ClInclude>
    <ClInclude Include="D:\work\Private\VulkanStudy\gli-0.8.2.0\gli\dx.hpp">
      <Filter>Header Files</Filter>
    </ClInclude>
    <ClInclude Include="D:\work\Private\VulkanStudy\gli-0.8.2.0\gli\format.hpp">
      <Filter>Header Files</Filter>
    </ClInclude>
    <ClInclude Include="D:\work\Private\VulkanStudy\gli-0.8.2.0\gli\generate_mipmaps.hpp">
      <Filter>Header Files</Filter>
    </ClInclude>
    <ClInclude Include="D:\work\Private\VulkanStudy\gli-0.8.2.0\gli\gl.hpp">
      <Filter>Header Files</Filter>
    </ClInclude>
    <ClInclude Include="D:\work\Private\VulkanStudy\gli-0.8.2.0\gli\gli.hpp">
      <Filter>Header Files</Filter>
    </ClInclude>
    <ClInclude Include="D:\work\Private\VulkanStudy\gli-0.8.2.0\gli\image.hpp">
      <Filter>Header Files</Filter>
    </ClInclude>
    <ClInclude Include="D:\work\Private\VulkanStudy\gli-0.8.2.0\gli\levels.hpp">
      <Filter>Header Files</Filter>
    </ClInclude>
    <ClInclude Include="D:\work\Private\VulkanStudy\gli-0.8.2.0\gli\load.hpp">
      <Filter>Header Files</Filter>
    </ClInclude>
    <ClInclude Include="D:\work\Private\VulkanStudy\gli-0.8.2.0\gli\load_dds.hpp">
      <Filter>Header Files</Filter>
    </ClInclude>
    <ClInclude Include="D:\work\Private\VulkanStudy\gli-0.8.2.0\gli\load_kmg.hpp">
      <Filter>Header Files</Filter>
    </ClInclude>
    <ClInclude Include="D:\work\Private\VulkanStudy\gli-0.8.2.0\gli\load_ktx.hpp">
      <Filter>Header Files</Filter>
    </ClInclude>
    <ClInclude Include="D:\work\Private\VulkanStudy\gli-0.8.2.0\gli\make_texture.hpp">
      <Filter>Header Files</Filter>
    </ClInclude>
    <ClInclude Include="D:\work\Private\VulkanStudy\gli-0.8.2.0\gli\reduce.hpp">
      <Filter>Header Files</Filter>
    </ClInclude>
    <ClInclude Include="D:\work\Private\VulkanStudy\gli-0.8.2.0\gli\sampler.hpp">
      <Filter>Header Files</Filter>
    </ClInclude>
    <ClInclude Include="D:\work\Private\VulkanStudy\gli-0.8.2.0\gli\sampler1d.hpp">
      <Filter>Header Files</Filter>
    </ClInclude>
    <ClInclude Include="D:\work\Private\VulkanStudy\gli-0.8.2.0\gli\sampler1d_array.hpp">
      <Filter>Header Files</Filter>
    </ClInclude>
    <ClInclude Include="D:\work\Private\VulkanStudy\gli-0.8.2.0\gli\sampler2d.hpp">
      <Filter>Header Files</Filter>
    </ClInclude>
    <ClInclude Include="D:\work\Private\VulkanStudy\gli-0.8.2.0\gli\sampler2d_array.hpp">
      <Filter>Header Files</Filter>
    </ClInclude>
    <ClInclude Include="D:\work\Private\VulkanStudy\gli-0.8.2.0\gli\sampler3d.hpp">
      <Filter>Header Files</Filter>
    </ClInclude>
    <ClInclude Include="D:\work\Private\VulkanStudy\gli-0.8.2.0\gli\sampler_cube.hpp">
      <Filter>Header Files</Filter>
    </ClInclude>
    <ClInclude Include="D:\work\Private\VulkanStudy\gli-0.8.2.0\gli\sampler_cube_array.hpp">
      <Filter>Header Files</Filter>
    </ClInclude>
    <ClInclude Include="D:\work\Private\VulkanStudy\gli-0.8.2.0\gli\save.hpp">
      <Filter>Header Files</Filter>
    </ClInclude>
    <ClInclude Include="D:\work\Private\VulkanStudy\gli-0.8.2.0\gli\save_dds.hpp">
      <Filter>Header Files</Filter>
    </ClInclude>
    <ClInclude Include="D:\work\Private\VulkanStudy\gli-0.8.2.0\gli\save_kmg.hpp">
      <Filter>Header Files</Filter>
    </ClInclude>
    <ClInclude Include="D:\work\Private\VulkanStudy\gli-0.8.2.0\gli\save_ktx.hpp">
      <Filter>Header Files</Filter>
    </ClInclude>
    <ClInclude Include="D:\work\Private\VulkanStudy\gli-0.8.2.0\gli\target.hpp">
      <Filter>Header Files</Filter>
    </ClInclude>
    <ClInclude Include="D:\work\Private\VulkanStudy\gli-0.8.2.0\gli\texture.hpp">
      <Filter>Header Files</Filter>
    </ClInclude>
    <ClInclude Include="D:\work\Private\VulkanStudy\gli-0.8.2.0\gli\texture1d.hpp">
      <Filter>Header Files</Filter>
    </ClInclude>
    <ClInclude Include="D:\work\Private\VulkanStudy\gli-0.8.2.0\gli\texture1d_array.hpp">
      <Filter>Header Files</Filter>
    </ClInclude>
    <ClInclude Include="D:\work\Private\VulkanStudy\gli-0.8.2.0\gli\texture2d.hpp">
      <Filter>Header Files</Filter>
    </ClInclude>
    <ClInclude Include="D:\work\Private\VulkanStudy\gli-0.8.2.0\gli\texture2d_array.hpp">
      <Filter>Header Files</Filter>
    </ClInclude>
    <ClInclude Include="D:\work\Private\VulkanStudy\gli-0.8.2.0\gli\texture3d.hpp">
      <Filter>Header Files</Filter>
    </ClInclude>
    <ClInclude Include="D:\work\Private\VulkanStudy\gli-0.8.2.0\gli\texture_cube.hpp">
      <Filter>Header Files</Filter>
    </ClInclude>
    <ClInclude Include="D:\work\Private\VulkanStudy\gli-0.8.2.0\gli\texture_cube_array.hpp">
      <Filter>Header Files</Filter>
    </ClInclude>
    <ClInclude Include="D:\work\Private\VulkanStudy\gli-0.8.2.0\gli\transform.hpp">
      <Filter>Header Files</Filter>
    </ClInclude>
    <ClInclude Include="D:\work\Private\VulkanStudy\gli-0.8.2.0\gli\type.hpp">
      <Filter>Header Files</Filter>
    </ClInclude>
    <ClInclude Include="D:\work\Private\VulkanStudy\gli-0.8.2.0\gli\view.hpp">
      <Filter>Header Files</Filter>
    </ClInclude>
    <ClInclude Include="D:\work\Private\VulkanStudy\gli-0.8.2.0\gli\core\clear.inl">
      <Filter>Core Files</Filter>
    </ClInclude>
    <ClInclude Include="D:\work\Private\VulkanStudy\gli-0.8.2.0\gli\core\comparison.inl">
      <Filter>Core Files</Filter>
    </ClInclude>
    <ClInclude Include="D:\work\Private\VulkanStudy\gli-0.8.2.0\gli\core\convert.inl">
      <Filter>Core Files</Filter>
    </ClInclude>
    <ClInclude Include="D:\work\Private\VulkanStudy\gli-0.8.2.0\gli\core\copy.inl">
      <Filter>Core Files</Filter>
    </ClInclude>
    <ClInclude Include="D:\work\Private\VulkanStudy\gli-0.8.2.0\gli\core\duplicate.inl">
      <Filter>Core Files</Filter>
    </ClInclude>
    <ClInclude Include="D:\work\Private\VulkanStudy\gli-0.8.2.0\gli\core\dx.inl">
      <Filter>Core Files</Filter>
    </ClInclude>
    <ClInclude Include="D:\work\Private\VulkanStudy\gli-0.8.2.0\gli\core\file.inl">
      <Filter>Core Files</Filter>
    </ClInclude>
    <ClInclude Include="D:\work\Private\VulkanStudy\gli-0.8.2.0\gli\core\filter.inl">
      <Filter>Core Files</Filter>
    </ClInclude>
    <ClInclude Include="D:\work\Private\VulkanStudy\gli-0.8.2.0\gli\core\flip.inl">
      <Filter>Core Files</Filter>
    </ClInclude>
    <ClInclude Include="D:\work\Private\VulkanStudy\gli-0.8.2.0\gli\core\format.inl">
      <Filter>Core Files</Filter>
    </ClInclude>
    <ClInclude Include="D:\work\Private\VulkanStudy\gli-0.8.2.0\gli\core\generate_mipmaps.inl">
      <Filter>Core Files</Filter>
    </ClInclude>
    <ClInclude Include="D:\work\Private\VulkanStudy\gli-0.8.2.0\gli\core\gl.inl">
      <Filter>Core Files</Filter>
    </ClInclude>
    <ClInclude Include="D:\work\Private\VulkanStudy\gli-0.8.2.0\gli\core\image.inl">
      <Filter>Core Files</Filter>
    </ClInclude>
    <ClInclude Include="D:\work\Private\VulkanStudy\gli-0.8.2.0\gli\core\levels.inl">
      <Filter>Core Files</Filter>
    </ClInclude>
    <ClInclude Include="D:\work\Private\VulkanStudy\gli-0.8.2.0\gli\core\load.inl">
      <Filter>Core Files</Filter>
    </ClInclude>
    <ClInclude Include="D:\work\Private\VulkanStudy\gli-0.8.2.0\gli\core\load_dds.inl">
      <Filter>Core Files</Filter>
    </ClInclude>
    <ClInclude Include="D:\work\Private\VulkanStudy\gli-0.8.2.0\gli\core\load_kmg.inl">
      <Filter>Core Files</Filter>
    </ClInclude>
    <ClInclude Include="D:\work\Private\VulkanStudy\gli-0.8.2.0\gli\core\load_ktx.inl">
      <Filter>Core Files</Filter>
    </ClInclude>
    <ClInclude Include="D:\work\Private\VulkanStudy\gli-0.8.2.0\gli\core\make_texture.inl">
      <Filter>Core Files</Filter>
    </ClInclude>
    <ClInclude Include="D:\work\Private\VulkanStudy\gli-0.8.2.0\gli\core\reduce.inl">
      <Filter>Core Files</Filter>
    </ClInclude>
    <ClInclude Include="D:\work\Private\VulkanStudy\gli-0.8.2.0\gli\core\sampler.inl">
      <Filter>Core Files</Filter>
    </ClInclude>
    <ClInclude Include="D:\work\Private\VulkanStudy\gli-0.8.2.0\gli\core\sampler1d.inl">
      <Filter>Core Files</Filter>
    </ClInclude>
    <ClInclude Include="D:\work\Private\VulkanStudy\gli-0.8.2.0\gli\core\sampler1d_array.inl">
      <Filter>Core Files</Filter>
    </ClInclude>
    <ClInclude Include="D:\work\Private\VulkanStudy\gli-0.8.2.0\gli\core\sampler2d.inl">
      <Filter>Core Files</Filter>
    </ClInclude>
    <ClInclude Include="D:\work\Private\VulkanStudy\gli-0.8.2.0\gli\core\sampler2d_array.inl">
      <Filter>Core Files</Filter>
    </ClInclude>
    <ClInclude Include="D:\work\Private\VulkanStudy\gli-0.8.2.0\gli\core\sampler3d.inl">
      <Filter>Core Files</Filter>
    </ClInclude>
    <ClInclude Include="D:\work\Private\VulkanStudy\gli-0.8.2.0\gli\core\sampler_cube.inl">
      <Filter>Core Files</Filter>
    </ClInclude>
    <ClInclude Include="D:\work\Private\VulkanStudy\gli-0.8.2.0\gli\core\sampler_cube_array.inl">
      <Filter>Core Files</Filter>
    </ClInclude>
    <ClInclude Include="D:\work\Private\VulkanStudy\gli-0.8.2.0\gli\core\save.inl">
      <Filter>Core Files</Filter>
    </ClInclude>
    <ClInclude Include="D:\work\Private\VulkanStudy\gli-0.8.2.0\gli\core\save_dds.inl">
      <Filter>Core Files</Filter>
    </ClInclude>
    <ClInclude Include="D:\work\Private\VulkanStudy\gli-0.8.2.0\gli\core\save_kmg.inl">
      <Filter>Core Files</Filter>
    </ClInclude>
    <ClInclude Include="D:\work\Private\VulkanStudy\gli-0.8.2.0\gli\core\save_ktx.inl">
      <Filter>Core Files</Filter>
    </ClInclude>
    <ClInclude Include="D:\work\Private\VulkanStudy\gli-0.8.2.0\gli\core\storage.inl">
      <Filter>Core Files</Filter>
    </ClInclude>
    <ClInclude Include="D:\work\Private\VulkanStudy\gli-0.8.2.0\gli\core\storage_linear.inl">
      <Filter>Core Files</Filter>
    </ClInclude>
    <ClInclude Include="D:\work\Private\VulkanStudy\gli-0.8.2.0\gli\core\texture.inl">
      <Filter>Core Files</Filter>
    </ClInclude>
    <ClInclude Include="D:\work\Private\VulkanStudy\gli-0.8.2.0\gli\core\texture1d.inl">
      <Filter>Core Files</Filter>
    </ClInclude>
    <ClInclude Include="D:\work\Private\VulkanStudy\gli-0.8.2.0\gli\core\texture1d_array.inl">
      <Filter>Core Files</Filter>
    </ClInclude>
    <ClInclude Include="D:\work\Private\VulkanStudy\gli-0.8.2.0\gli\core\texture2d.inl">
      <Filter>Core Files</Filter>
    </ClInclude>
    <ClInclude Include="D:\work\Private\VulkanStudy\gli-0.8.2.0\gli\core\texture2d_array.inl">
      <Filter>Core Files</Filter>
    </ClInclude>
    <ClInclude Include="D:\work\Private\VulkanStudy\gli-0.8.2.0\gli\core\texture3d.inl">
      <Filter>Core Files</Filter>
    </ClInclude>
    <ClInclude Include="D:\work\Private\VulkanStudy\gli-0.8.2.0\gli\core\texture_cube.inl">
      <Filter>Core Files</Filter>
    </ClInclude>
    <ClInclude Include="D:\work\Private\VulkanStudy\gli-0.8.2.0\gli\core\texture_cube_array.inl">
      <Filter>Core Files</Filter>
    </ClInclude>
    <ClInclude Include="D:\work\Private\VulkanStudy\gli-0.8.2.0\gli\core\transform.inl">
      <Filter>Core Files</Filter>
    </ClInclude>
    <ClInclude Include="D:\work\Private\VulkanStudy\gli-0.8.2.0\gli\core\view.inl">
      <Filter>Core Files</Filter>
    </ClInclude>
    <ClInclude Include="D:\work\Private\VulkanStudy\gli-0.8.2.0\gli\core\clear.hpp">
      <Filter>Core Files</Filter>
    </ClInclude>
    <ClInclude Include="D:\work\Private\VulkanStudy\gli-0.8.2.0\gli\core\convert_func.hpp">
      <Filter>Core Files</Filter>
    </ClInclude>
    <ClInclude Include="D:\work\Private\VulkanStudy\gli-0.8.2.0\gli\core\coord.hpp">
      <Filter>Core Files</Filter>
    </ClInclude>
    <ClInclude Include="D:\work\Private\VulkanStudy\gli-0.8.2.0\gli\core\file.hpp">
      <Filter>Core Files</Filter>
    </ClInclude>
    <ClInclude Include="D:\work\Private\VulkanStudy\gli-0.8.2.0\gli\core\filter.hpp">
      <Filter>Core Files</Filter>
    </ClInclude>
    <ClInclude Include="D:\work\Private\VulkanStudy\gli-0.8.2.0\gli\core\filter_compute.hpp">
      <Filter>Core Files</Filter>
    </ClInclude>
    <ClInclude Include="D:\work\Private\VulkanStudy\gli-0.8.2.0\gli\core\flip.hpp">
      <Filter>Core Files</Filter>
    </ClInclude>
    <ClInclude Include="D:\work\Private\VulkanStudy\gli-0.8.2.0\gli\core\mipmaps_compute.hpp">
      <Filter>Core Files</Filter>
    </ClInclude>
    <ClInclude Include="D:\work\Private\VulkanStudy\gli-0.8.2.0\gli\core\storage.hpp">
      <Filter>Core Files</Filter>
    </ClInclude>
    <ClInclude Include="D:\work\Private\VulkanStudy\gli-0.8.2.0\gli\core\storage_linear.hpp">
      <Filter>Core Files</Filter>
    </ClInclude>
    <ClInclude Include="D:\work\Private\VulkanStudy\gli-0.8.2.0\gli\core\workaround.hpp">
      <Filter>Core Files</Filter>
    </ClInclude>
  </ItemGroup>
  <ItemGroup>
    <CustomBuild Include="D:\work\Private\VulkanStudy\gli-0.8.2.0\gli\CMakeLists.txt" />
  </ItemGroup>
  <ItemGroup>
    <None Include="D:\work\Private\VulkanStudy\gli-0.8.2.0\CMakeLists.txt">
      <Filter>Text Files</Filter>
    </None>
    <None Include="D:\work\Private\VulkanStudy\gli-0.8.2.0\manual.md">
      <Filter>Text Files</Filter>
    </None>
    <None Include="D:\work\Private\VulkanStudy\gli-0.8.2.0\readme.md">
      <Filter>Text Files</Filter>
    </None>
    <None Include="D:\work\Private\VulkanStudy\gli-0.8.2.0\doc\spec\index.html">
      <Filter>KMG Spec</Filter>
    </None>
  </ItemGroup>
  <ItemGroup>
    <Filter Include="Core Files">
      <UniqueIdentifier>{45058ECA-2FB9-3CB0-B43F-DD86E5957786}</UniqueIdentifier>
    </Filter>
    <Filter Include="Header Files">
      <UniqueIdentifier>{84C929AE-CFBC-3317-9398-F3203B785CD7}</UniqueIdentifier>
    </Filter>
    <Filter Include="KMG Spec">
      <UniqueIdentifier>{179CAE8B-7D6E-37B1-9CA9-CED7F95909BA}</UniqueIdentifier>
    </Filter>
    <Filter Include="Text Files">
      <UniqueIdentifier>{931BBA66-BF46-313A-807D-57AAF6141716}</UniqueIdentifier>
    </Filter>
  </ItemGroup>
</Project>
