<?xml version="1.0" encoding="utf-8"?>
<Project ToolsVersion="15.0" xmlns="http://schemas.microsoft.com/developer/msbuild/2003">
  <ItemGroup>
    <CustomBuild Include="D:\work\Private\VulkanStudy\gli-0.8.2.0\CMakeFiles\bb9c61c6e6b58da9d7ec74176dc92ca3\INSTALL_force.rule">
      <Filter>CMake Rules</Filter>
    </CustomBuild>
  </ItemGroup>
  <ItemGroup>
    <Filter Include="CMake Rules">
      <UniqueIdentifier>{48B19244-53F8-3208-9049-4286E7830ECA}</UniqueIdentifier>
    </Filter>
  </ItemGroup>
</Project>
