Microsoft Visual Studio Solution File, Format Version 12.00
# Visual Studio 15
Project("{8BC9CEB8-8B4A-11D0-8D11-00A0C91BC942}") = "ALL_BUILD", "ALL_BUILD.vcxproj", "{68B9524D-8B81-3768-A116-1B422353916B}"
	ProjectSection(ProjectDependencies) = postProject
		{EB9C16A6-A81A-397A-A4EF-8B7459E0EE91} = {EB9C16A6-A81A-397A-A4EF-8B7459E0EE91}
		{E29B69F5-D906-3D86-82BA-F33E12B3DC06} = {E29B69F5-D906-3D86-82BA-F33E12B3DC06}
		{E5F01EF9-CD20-363A-82EE-5B9D61A730DF} = {E5F01EF9-CD20-363A-82EE-5B9D61A730DF}
		{39CF6E34-7222-3D0B-AD31-9BF67A42E14B} = {39CF6E34-7222-3D0B-AD31-9BF67A42E14B}
		{5ACBA85F-F4F5-3FEC-8704-BC27E7B2A1B7} = {5ACBA85F-F4F5-3FEC-8704-BC27E7B2A1B7}
		{E17109FA-017E-3D8F-A7FD-41D5A19526FD} = {E17109FA-017E-3D8F-A7FD-41D5A19526FD}
		{D24EB880-BEC6-339E-8AA8-A6ADF19CD72C} = {D24EB880-BEC6-339E-8AA8-A6ADF19CD72C}
		{12C696C3-98AE-3D07-8F7C-D750E9E87C18} = {12C696C3-98AE-3D07-8F7C-D750E9E87C18}
		{1256E5C5-B794-3FC1-BEF0-8B853ECBD48E} = {1256E5C5-B794-3FC1-BEF0-8B853ECBD48E}
		{6305FDFC-9F37-3449-B1B2-4CB74FDC05F1} = {6305FDFC-9F37-3449-B1B2-4CB74FDC05F1}
		{424B8FB2-9B71-34EE-BAD6-CCD161894BEB} = {424B8FB2-9B71-34EE-BAD6-CCD161894BEB}
		{475A02C9-BAA7-3661-A308-39E1325E5E5C} = {475A02C9-BAA7-3661-A308-39E1325E5E5C}
		{599A8AAD-2343-3130-8D0E-9B5A4CD96A7D} = {599A8AAD-2343-3130-8D0E-9B5A4CD96A7D}
		{F3D7930A-E79E-3BCD-B633-167D34B6E514} = {F3D7930A-E79E-3BCD-B633-167D34B6E514}
		{CD74C63F-BB9A-348E-BDCD-19068600B52D} = {CD74C63F-BB9A-348E-BDCD-19068600B52D}
		{B4F324D5-DE85-3C7D-92A9-82F107E2CE20} = {B4F324D5-DE85-3C7D-92A9-82F107E2CE20}
		{DD759A19-7905-3ED0-875A-78EEE5EC7288} = {DD759A19-7905-3ED0-875A-78EEE5EC7288}
		{F6CFB203-0DA2-32B7-A3DE-F9FE8CF2F584} = {F6CFB203-0DA2-32B7-A3DE-F9FE8CF2F584}
		{B6509A6B-9D14-3E8F-8BC0-C6784A5AB871} = {B6509A6B-9D14-3E8F-8BC0-C6784A5AB871}
		{FDF724A0-D235-3D02-A036-A183A5F82332} = {FDF724A0-D235-3D02-A036-A183A5F82332}
		{F7FFBDB6-B9BD-39CB-8A4B-4E9FD21F36F3} = {F7FFBDB6-B9BD-39CB-8A4B-4E9FD21F36F3}
		{A4C60F79-E610-3BB5-9A20-A5737FDFFE5D} = {A4C60F79-E610-3BB5-9A20-A5737FDFFE5D}
		{3C738198-974B-3DCE-A100-7FC752760EC7} = {3C738198-974B-3DCE-A100-7FC752760EC7}
		{14D200EB-DD1C-3755-B83C-51E4412329F6} = {14D200EB-DD1C-3755-B83C-51E4412329F6}
		{918825B2-A45F-32FC-B554-8B2127022B01} = {918825B2-A45F-32FC-B554-8B2127022B01}
		{9626AE2B-843D-339A-99D7-4AF8E7DE6E35} = {9626AE2B-843D-339A-99D7-4AF8E7DE6E35}
		{850E8358-2A78-3A59-81EC-351296AD72BD} = {850E8358-2A78-3A59-81EC-351296AD72BD}
		{532897C0-B88D-3E9C-8DDF-E0213D15F9A4} = {532897C0-B88D-3E9C-8DDF-E0213D15F9A4}
		{CF6F05F7-66F2-3263-8DBB-BA471CE516D8} = {CF6F05F7-66F2-3263-8DBB-BA471CE516D8}
		{D780D717-F4E9-371E-9138-0DDC60D8EC6F} = {D780D717-F4E9-371E-9138-0DDC60D8EC6F}
		{802CA1E0-AFA0-3D4D-819E-6BF4CF81DFC9} = {802CA1E0-AFA0-3D4D-819E-6BF4CF81DFC9}
		{D53566DC-AA24-3695-8134-DB8F35850DDE} = {D53566DC-AA24-3695-8134-DB8F35850DDE}
		{0C6FBDDD-ED4B-3078-995B-8E9829B1CF26} = {0C6FBDDD-ED4B-3078-995B-8E9829B1CF26}
		{FD88DB6E-9A65-3C3B-A4C9-C79E080AB419} = {FD88DB6E-9A65-3C3B-A4C9-C79E080AB419}
		{1098862B-418D-3298-801D-8D36742170F7} = {1098862B-418D-3298-801D-8D36742170F7}
		{24A46735-744D-3A30-8617-F52BE50C3F92} = {24A46735-744D-3A30-8617-F52BE50C3F92}
		{4E9D6296-2283-3096-8473-10AA28DFC1A5} = {4E9D6296-2283-3096-8473-10AA28DFC1A5}
		{F7887256-A3B7-316A-8041-E0D0F44C631E} = {F7887256-A3B7-316A-8041-E0D0F44C631E}
		{C01AD3E9-93CF-32E4-94AF-A223799FC985} = {C01AD3E9-93CF-32E4-94AF-A223799FC985}
		{E96FDAFE-985B-3424-81C1-20D33C0478AC} = {E96FDAFE-985B-3424-81C1-20D33C0478AC}
		{2B09702C-395A-38ED-84DB-EF4C380C12E0} = {2B09702C-395A-38ED-84DB-EF4C380C12E0}
		{19ACA2D9-EE06-3F7A-A5A6-63FE3409E66A} = {19ACA2D9-EE06-3F7A-A5A6-63FE3409E66A}
		{DE48BED0-BACE-3DE3-9742-26F5A716D607} = {DE48BED0-BACE-3DE3-9742-26F5A716D607}
		{27E27171-D5AC-3868-B9B7-FFB4D73CE421} = {27E27171-D5AC-3868-B9B7-FFB4D73CE421}
		{D6AE96F1-1488-35B4-A42F-2C30342D1C22} = {D6AE96F1-1488-35B4-A42F-2C30342D1C22}
		{6DE31F73-0B43-3DA2-A1E7-8AAB900BFA5E} = {6DE31F73-0B43-3DA2-A1E7-8AAB900BFA5E}
		{03FD0F22-1434-3D10-9860-D21CFDA9EF46} = {03FD0F22-1434-3D10-9860-D21CFDA9EF46}
		{D3D0DBA8-DAD4-3AB9-B438-6E08BC91B877} = {D3D0DBA8-DAD4-3AB9-B438-6E08BC91B877}
		{C970C62A-AC4A-3C85-9CCC-D58308780150} = {C970C62A-AC4A-3C85-9CCC-D58308780150}
		{2B05C866-3533-39CA-8473-AAA6572C4EAF} = {2B05C866-3533-39CA-8473-AAA6572C4EAF}
		{61708A3E-5AC3-35D9-8973-7FAF40A67A39} = {61708A3E-5AC3-35D9-8973-7FAF40A67A39}
		{5BC31D2A-93EE-3B57-88C8-2A5A6BA204C8} = {5BC31D2A-93EE-3B57-88C8-2A5A6BA204C8}
		{8216BB89-E47E-39D6-BCCC-1967B90DFE8D} = {8216BB89-E47E-39D6-BCCC-1967B90DFE8D}
		{4075F277-31E3-3564-BC4B-BBA1B1AE8852} = {4075F277-31E3-3564-BC4B-BBA1B1AE8852}
		{F0C92F4D-7005-3AAB-95EC-81BB615CA9D2} = {F0C92F4D-7005-3AAB-95EC-81BB615CA9D2}
		{B0E527DF-BD7F-3873-BBBB-0729FA009986} = {B0E527DF-BD7F-3873-BBBB-0729FA009986}
		{5E79DF5A-89C5-3147-A801-CBF9B5F689B5} = {5E79DF5A-89C5-3147-A801-CBF9B5F689B5}
		{0D893FED-07BB-3009-8C6D-B9DE145F95D9} = {0D893FED-07BB-3009-8C6D-B9DE145F95D9}
		{018F8951-5058-38EC-B4A2-F8B473A12AD3} = {018F8951-5058-38EC-B4A2-F8B473A12AD3}
		{B5EB10D8-C924-3CD4-BFF4-53A74D60A6F4} = {B5EB10D8-C924-3CD4-BFF4-53A74D60A6F4}
		{303D8CD5-55DA-3DA9-8E84-AEE585624FED} = {303D8CD5-55DA-3DA9-8E84-AEE585624FED}
		{42D683CD-FD69-3C93-B164-3879A30B9BF1} = {42D683CD-FD69-3C93-B164-3879A30B9BF1}
		{7EAF2E2C-6D2F-3EC0-B852-41364DDC9E71} = {7EAF2E2C-6D2F-3EC0-B852-41364DDC9E71}
		{775BC640-A98D-365D-B434-38CD14BFF2C4} = {775BC640-A98D-365D-B434-38CD14BFF2C4}
		{344C2D41-201D-3E84-9011-D78263190F33} = {344C2D41-201D-3E84-9011-D78263190F33}
		{F6AAE8A2-C5AD-32A7-84C1-5355EA0BB7D0} = {F6AAE8A2-C5AD-32A7-84C1-5355EA0BB7D0}
		{18ACDDD7-9259-3B2E-95F0-F6E3DDAF6780} = {18ACDDD7-9259-3B2E-95F0-F6E3DDAF6780}
		{F505732D-AC17-3771-9267-9CC47D3D6C9D} = {F505732D-AC17-3771-9267-9CC47D3D6C9D}
		{A154FCF0-E0F0-3D55-96B4-35B0C8D8BEC7} = {A154FCF0-E0F0-3D55-96B4-35B0C8D8BEC7}
		{F12C94DB-7638-38E8-8CE0-01A86A861FC6} = {F12C94DB-7638-38E8-8CE0-01A86A861FC6}
		{C3B2D110-BB51-350A-A393-5B4B21326515} = {C3B2D110-BB51-350A-A393-5B4B21326515}
		{DDEB5073-3B5E-32E5-8981-1B2D253D906B} = {DDEB5073-3B5E-32E5-8981-1B2D253D906B}
	EndProjectSection
EndProject
Project("{8BC9CEB8-8B4A-11D0-8D11-00A0C91BC942}") = "INSTALL", "INSTALL.vcxproj", "{340CC195-C828-3A2F-9549-4869472B3E89}"
	ProjectSection(ProjectDependencies) = postProject
		{68B9524D-8B81-3768-A116-1B422353916B} = {68B9524D-8B81-3768-A116-1B422353916B}
		{EB9C16A6-A81A-397A-A4EF-8B7459E0EE91} = {EB9C16A6-A81A-397A-A4EF-8B7459E0EE91}
	EndProjectSection
EndProject
Project("{8BC9CEB8-8B4A-11D0-8D11-00A0C91BC942}") = "RUN_TESTS", "RUN_TESTS.vcxproj", "{848A9E67-F0B6-3979-AF52-673224C52338}"
	ProjectSection(ProjectDependencies) = postProject
		{EB9C16A6-A81A-397A-A4EF-8B7459E0EE91} = {EB9C16A6-A81A-397A-A4EF-8B7459E0EE91}
	EndProjectSection
EndProject
Project("{8BC9CEB8-8B4A-11D0-8D11-00A0C91BC942}") = "ZERO_CHECK", "ZERO_CHECK.vcxproj", "{EB9C16A6-A81A-397A-A4EF-8B7459E0EE91}"
	ProjectSection(ProjectDependencies) = postProject
	EndProjectSection
EndProject
Project("{8BC9CEB8-8B4A-11D0-8D11-00A0C91BC942}") = "gli_dummy", "gli\gli_dummy.vcxproj", "{E29B69F5-D906-3D86-82BA-F33E12B3DC06}"
	ProjectSection(ProjectDependencies) = postProject
		{EB9C16A6-A81A-397A-A4EF-8B7459E0EE91} = {EB9C16A6-A81A-397A-A4EF-8B7459E0EE91}
	EndProjectSection
EndProject
Project("{8BC9CEB8-8B4A-11D0-8D11-00A0C91BC942}") = "test-bug", "test\bug\test-bug.vcxproj", "{E5F01EF9-CD20-363A-82EE-5B9D61A730DF}"
	ProjectSection(ProjectDependencies) = postProject
		{EB9C16A6-A81A-397A-A4EF-8B7459E0EE91} = {EB9C16A6-A81A-397A-A4EF-8B7459E0EE91}
	EndProjectSection
EndProject
Project("{8BC9CEB8-8B4A-11D0-8D11-00A0C91BC942}") = "test-convert_sampler1d", "test\core\test-convert_sampler1d.vcxproj", "{39CF6E34-7222-3D0B-AD31-9BF67A42E14B}"
	ProjectSection(ProjectDependencies) = postProject
		{EB9C16A6-A81A-397A-A4EF-8B7459E0EE91} = {EB9C16A6-A81A-397A-A4EF-8B7459E0EE91}
	EndProjectSection
EndProject
Project("{8BC9CEB8-8B4A-11D0-8D11-00A0C91BC942}") = "test-convert_sampler1d_array", "test\core\test-convert_sampler1d_array.vcxproj", "{5ACBA85F-F4F5-3FEC-8704-BC27E7B2A1B7}"
	ProjectSection(ProjectDependencies) = postProject
		{EB9C16A6-A81A-397A-A4EF-8B7459E0EE91} = {EB9C16A6-A81A-397A-A4EF-8B7459E0EE91}
	EndProjectSection
EndProject
Project("{8BC9CEB8-8B4A-11D0-8D11-00A0C91BC942}") = "test-convert_sampler2d", "test\core\test-convert_sampler2d.vcxproj", "{E17109FA-017E-3D8F-A7FD-41D5A19526FD}"
	ProjectSection(ProjectDependencies) = postProject
		{EB9C16A6-A81A-397A-A4EF-8B7459E0EE91} = {EB9C16A6-A81A-397A-A4EF-8B7459E0EE91}
	EndProjectSection
EndProject
Project("{8BC9CEB8-8B4A-11D0-8D11-00A0C91BC942}") = "test-convert_sampler2d_array", "test\core\test-convert_sampler2d_array.vcxproj", "{D24EB880-BEC6-339E-8AA8-A6ADF19CD72C}"
	ProjectSection(ProjectDependencies) = postProject
		{EB9C16A6-A81A-397A-A4EF-8B7459E0EE91} = {EB9C16A6-A81A-397A-A4EF-8B7459E0EE91}
	EndProjectSection
EndProject
Project("{8BC9CEB8-8B4A-11D0-8D11-00A0C91BC942}") = "test-convert_sampler3d", "test\core\test-convert_sampler3d.vcxproj", "{12C696C3-98AE-3D07-8F7C-D750E9E87C18}"
	ProjectSection(ProjectDependencies) = postProject
		{EB9C16A6-A81A-397A-A4EF-8B7459E0EE91} = {EB9C16A6-A81A-397A-A4EF-8B7459E0EE91}
	EndProjectSection
EndProject
Project("{8BC9CEB8-8B4A-11D0-8D11-00A0C91BC942}") = "test-convert_sampler_cube", "test\core\test-convert_sampler_cube.vcxproj", "{1256E5C5-B794-3FC1-BEF0-8B853ECBD48E}"
	ProjectSection(ProjectDependencies) = postProject
		{EB9C16A6-A81A-397A-A4EF-8B7459E0EE91} = {EB9C16A6-A81A-397A-A4EF-8B7459E0EE91}
	EndProjectSection
EndProject
Project("{8BC9CEB8-8B4A-11D0-8D11-00A0C91BC942}") = "test-convert_sampler_cube_array", "test\core\test-convert_sampler_cube_array.vcxproj", "{6305FDFC-9F37-3449-B1B2-4CB74FDC05F1}"
	ProjectSection(ProjectDependencies) = postProject
		{EB9C16A6-A81A-397A-A4EF-8B7459E0EE91} = {EB9C16A6-A81A-397A-A4EF-8B7459E0EE91}
	EndProjectSection
EndProject
Project("{8BC9CEB8-8B4A-11D0-8D11-00A0C91BC942}") = "test-core", "test\core\test-core.vcxproj", "{424B8FB2-9B71-34EE-BAD6-CCD161894BEB}"
	ProjectSection(ProjectDependencies) = postProject
		{EB9C16A6-A81A-397A-A4EF-8B7459E0EE91} = {EB9C16A6-A81A-397A-A4EF-8B7459E0EE91}
	EndProjectSection
EndProject
Project("{8BC9CEB8-8B4A-11D0-8D11-00A0C91BC942}") = "test-core_addressing", "test\core\test-core_addressing.vcxproj", "{475A02C9-BAA7-3661-A308-39E1325E5E5C}"
	ProjectSection(ProjectDependencies) = postProject
		{EB9C16A6-A81A-397A-A4EF-8B7459E0EE91} = {EB9C16A6-A81A-397A-A4EF-8B7459E0EE91}
	EndProjectSection
EndProject
Project("{8BC9CEB8-8B4A-11D0-8D11-00A0C91BC942}") = "test-core_clear", "test\core\test-core_clear.vcxproj", "{599A8AAD-2343-3130-8D0E-9B5A4CD96A7D}"
	ProjectSection(ProjectDependencies) = postProject
		{EB9C16A6-A81A-397A-A4EF-8B7459E0EE91} = {EB9C16A6-A81A-397A-A4EF-8B7459E0EE91}
	EndProjectSection
EndProject
Project("{8BC9CEB8-8B4A-11D0-8D11-00A0C91BC942}") = "test-core_comparison", "test\core\test-core_comparison.vcxproj", "{F3D7930A-E79E-3BCD-B633-167D34B6E514}"
	ProjectSection(ProjectDependencies) = postProject
		{EB9C16A6-A81A-397A-A4EF-8B7459E0EE91} = {EB9C16A6-A81A-397A-A4EF-8B7459E0EE91}
	EndProjectSection
EndProject
Project("{8BC9CEB8-8B4A-11D0-8D11-00A0C91BC942}") = "test-core_convert", "test\core\test-core_convert.vcxproj", "{CD74C63F-BB9A-348E-BDCD-19068600B52D}"
	ProjectSection(ProjectDependencies) = postProject
		{EB9C16A6-A81A-397A-A4EF-8B7459E0EE91} = {EB9C16A6-A81A-397A-A4EF-8B7459E0EE91}
	EndProjectSection
EndProject
Project("{8BC9CEB8-8B4A-11D0-8D11-00A0C91BC942}") = "test-core_convert_access", "test\core\test-core_convert_access.vcxproj", "{B4F324D5-DE85-3C7D-92A9-82F107E2CE20}"
	ProjectSection(ProjectDependencies) = postProject
		{EB9C16A6-A81A-397A-A4EF-8B7459E0EE91} = {EB9C16A6-A81A-397A-A4EF-8B7459E0EE91}
	EndProjectSection
EndProject
Project("{8BC9CEB8-8B4A-11D0-8D11-00A0C91BC942}") = "test-core_fetch", "test\core\test-core_fetch.vcxproj", "{DD759A19-7905-3ED0-875A-78EEE5EC7288}"
	ProjectSection(ProjectDependencies) = postProject
		{EB9C16A6-A81A-397A-A4EF-8B7459E0EE91} = {EB9C16A6-A81A-397A-A4EF-8B7459E0EE91}
	EndProjectSection
EndProject
Project("{8BC9CEB8-8B4A-11D0-8D11-00A0C91BC942}") = "test-core_filter_1d", "test\core\test-core_filter_1d.vcxproj", "{F6CFB203-0DA2-32B7-A3DE-F9FE8CF2F584}"
	ProjectSection(ProjectDependencies) = postProject
		{EB9C16A6-A81A-397A-A4EF-8B7459E0EE91} = {EB9C16A6-A81A-397A-A4EF-8B7459E0EE91}
	EndProjectSection
EndProject
Project("{8BC9CEB8-8B4A-11D0-8D11-00A0C91BC942}") = "test-core_filter_2d", "test\core\test-core_filter_2d.vcxproj", "{B6509A6B-9D14-3E8F-8BC0-C6784A5AB871}"
	ProjectSection(ProjectDependencies) = postProject
		{EB9C16A6-A81A-397A-A4EF-8B7459E0EE91} = {EB9C16A6-A81A-397A-A4EF-8B7459E0EE91}
	EndProjectSection
EndProject
Project("{8BC9CEB8-8B4A-11D0-8D11-00A0C91BC942}") = "test-core_filter_3d", "test\core\test-core_filter_3d.vcxproj", "{FDF724A0-D235-3D02-A036-A183A5F82332}"
	ProjectSection(ProjectDependencies) = postProject
		{EB9C16A6-A81A-397A-A4EF-8B7459E0EE91} = {EB9C16A6-A81A-397A-A4EF-8B7459E0EE91}
	EndProjectSection
EndProject
Project("{8BC9CEB8-8B4A-11D0-8D11-00A0C91BC942}") = "test-core_flip", "test\core\test-core_flip.vcxproj", "{F7FFBDB6-B9BD-39CB-8A4B-4E9FD21F36F3}"
	ProjectSection(ProjectDependencies) = postProject
		{EB9C16A6-A81A-397A-A4EF-8B7459E0EE91} = {EB9C16A6-A81A-397A-A4EF-8B7459E0EE91}
	EndProjectSection
EndProject
Project("{8BC9CEB8-8B4A-11D0-8D11-00A0C91BC942}") = "test-core_format", "test\core\test-core_format.vcxproj", "{A4C60F79-E610-3BB5-9A20-A5737FDFFE5D}"
	ProjectSection(ProjectDependencies) = postProject
		{EB9C16A6-A81A-397A-A4EF-8B7459E0EE91} = {EB9C16A6-A81A-397A-A4EF-8B7459E0EE91}
	EndProjectSection
EndProject
Project("{8BC9CEB8-8B4A-11D0-8D11-00A0C91BC942}") = "test-core_image", "test\core\test-core_image.vcxproj", "{3C738198-974B-3DCE-A100-7FC752760EC7}"
	ProjectSection(ProjectDependencies) = postProject
		{EB9C16A6-A81A-397A-A4EF-8B7459E0EE91} = {EB9C16A6-A81A-397A-A4EF-8B7459E0EE91}
	EndProjectSection
EndProject
Project("{8BC9CEB8-8B4A-11D0-8D11-00A0C91BC942}") = "test-core_load", "test\core\test-core_load.vcxproj", "{14D200EB-DD1C-3755-B83C-51E4412329F6}"
	ProjectSection(ProjectDependencies) = postProject
		{EB9C16A6-A81A-397A-A4EF-8B7459E0EE91} = {EB9C16A6-A81A-397A-A4EF-8B7459E0EE91}
	EndProjectSection
EndProject
Project("{8BC9CEB8-8B4A-11D0-8D11-00A0C91BC942}") = "test-core_load_dds", "test\core\test-core_load_dds.vcxproj", "{918825B2-A45F-32FC-B554-8B2127022B01}"
	ProjectSection(ProjectDependencies) = postProject
		{EB9C16A6-A81A-397A-A4EF-8B7459E0EE91} = {EB9C16A6-A81A-397A-A4EF-8B7459E0EE91}
	EndProjectSection
EndProject
Project("{8BC9CEB8-8B4A-11D0-8D11-00A0C91BC942}") = "test-core_load_gen_1d", "test\core\test-core_load_gen_1d.vcxproj", "{9626AE2B-843D-339A-99D7-4AF8E7DE6E35}"
	ProjectSection(ProjectDependencies) = postProject
		{EB9C16A6-A81A-397A-A4EF-8B7459E0EE91} = {EB9C16A6-A81A-397A-A4EF-8B7459E0EE91}
	EndProjectSection
EndProject
Project("{8BC9CEB8-8B4A-11D0-8D11-00A0C91BC942}") = "test-core_load_gen_1d_array", "test\core\test-core_load_gen_1d_array.vcxproj", "{850E8358-2A78-3A59-81EC-351296AD72BD}"
	ProjectSection(ProjectDependencies) = postProject
		{EB9C16A6-A81A-397A-A4EF-8B7459E0EE91} = {EB9C16A6-A81A-397A-A4EF-8B7459E0EE91}
	EndProjectSection
EndProject
Project("{8BC9CEB8-8B4A-11D0-8D11-00A0C91BC942}") = "test-core_load_gen_2d", "test\core\test-core_load_gen_2d.vcxproj", "{532897C0-B88D-3E9C-8DDF-E0213D15F9A4}"
	ProjectSection(ProjectDependencies) = postProject
		{EB9C16A6-A81A-397A-A4EF-8B7459E0EE91} = {EB9C16A6-A81A-397A-A4EF-8B7459E0EE91}
	EndProjectSection
EndProject
Project("{8BC9CEB8-8B4A-11D0-8D11-00A0C91BC942}") = "test-core_load_gen_2d_array", "test\core\test-core_load_gen_2d_array.vcxproj", "{CF6F05F7-66F2-3263-8DBB-BA471CE516D8}"
	ProjectSection(ProjectDependencies) = postProject
		{EB9C16A6-A81A-397A-A4EF-8B7459E0EE91} = {EB9C16A6-A81A-397A-A4EF-8B7459E0EE91}
	EndProjectSection
EndProject
Project("{8BC9CEB8-8B4A-11D0-8D11-00A0C91BC942}") = "test-core_load_gen_3d", "test\core\test-core_load_gen_3d.vcxproj", "{D780D717-F4E9-371E-9138-0DDC60D8EC6F}"
	ProjectSection(ProjectDependencies) = postProject
		{EB9C16A6-A81A-397A-A4EF-8B7459E0EE91} = {EB9C16A6-A81A-397A-A4EF-8B7459E0EE91}
	EndProjectSection
EndProject
Project("{8BC9CEB8-8B4A-11D0-8D11-00A0C91BC942}") = "test-core_load_gen_cube", "test\core\test-core_load_gen_cube.vcxproj", "{802CA1E0-AFA0-3D4D-819E-6BF4CF81DFC9}"
	ProjectSection(ProjectDependencies) = postProject
		{EB9C16A6-A81A-397A-A4EF-8B7459E0EE91} = {EB9C16A6-A81A-397A-A4EF-8B7459E0EE91}
	EndProjectSection
EndProject
Project("{8BC9CEB8-8B4A-11D0-8D11-00A0C91BC942}") = "test-core_load_gen_cube_array", "test\core\test-core_load_gen_cube_array.vcxproj", "{D53566DC-AA24-3695-8134-DB8F35850DDE}"
	ProjectSection(ProjectDependencies) = postProject
		{EB9C16A6-A81A-397A-A4EF-8B7459E0EE91} = {EB9C16A6-A81A-397A-A4EF-8B7459E0EE91}
	EndProjectSection
EndProject
Project("{8BC9CEB8-8B4A-11D0-8D11-00A0C91BC942}") = "test-core_load_gen_rect", "test\core\test-core_load_gen_rect.vcxproj", "{0C6FBDDD-ED4B-3078-995B-8E9829B1CF26}"
	ProjectSection(ProjectDependencies) = postProject
		{EB9C16A6-A81A-397A-A4EF-8B7459E0EE91} = {EB9C16A6-A81A-397A-A4EF-8B7459E0EE91}
	EndProjectSection
EndProject
Project("{8BC9CEB8-8B4A-11D0-8D11-00A0C91BC942}") = "test-core_load_ktx", "test\core\test-core_load_ktx.vcxproj", "{FD88DB6E-9A65-3C3B-A4C9-C79E080AB419}"
	ProjectSection(ProjectDependencies) = postProject
		{EB9C16A6-A81A-397A-A4EF-8B7459E0EE91} = {EB9C16A6-A81A-397A-A4EF-8B7459E0EE91}
	EndProjectSection
EndProject
Project("{8BC9CEB8-8B4A-11D0-8D11-00A0C91BC942}") = "test-core_sample", "test\core\test-core_sample.vcxproj", "{1098862B-418D-3298-801D-8D36742170F7}"
	ProjectSection(ProjectDependencies) = postProject
		{EB9C16A6-A81A-397A-A4EF-8B7459E0EE91} = {EB9C16A6-A81A-397A-A4EF-8B7459E0EE91}
	EndProjectSection
EndProject
Project("{8BC9CEB8-8B4A-11D0-8D11-00A0C91BC942}") = "test-core_sampler_clear", "test\core\test-core_sampler_clear.vcxproj", "{24A46735-744D-3A30-8617-F52BE50C3F92}"
	ProjectSection(ProjectDependencies) = postProject
		{EB9C16A6-A81A-397A-A4EF-8B7459E0EE91} = {EB9C16A6-A81A-397A-A4EF-8B7459E0EE91}
	EndProjectSection
EndProject
Project("{8BC9CEB8-8B4A-11D0-8D11-00A0C91BC942}") = "test-core_sampler_texel", "test\core\test-core_sampler_texel.vcxproj", "{4E9D6296-2283-3096-8473-10AA28DFC1A5}"
	ProjectSection(ProjectDependencies) = postProject
		{EB9C16A6-A81A-397A-A4EF-8B7459E0EE91} = {EB9C16A6-A81A-397A-A4EF-8B7459E0EE91}
	EndProjectSection
EndProject
Project("{8BC9CEB8-8B4A-11D0-8D11-00A0C91BC942}") = "test-core_sampler_wrap", "test\core\test-core_sampler_wrap.vcxproj", "{F7887256-A3B7-316A-8041-E0D0F44C631E}"
	ProjectSection(ProjectDependencies) = postProject
		{EB9C16A6-A81A-397A-A4EF-8B7459E0EE91} = {EB9C16A6-A81A-397A-A4EF-8B7459E0EE91}
	EndProjectSection
EndProject
Project("{8BC9CEB8-8B4A-11D0-8D11-00A0C91BC942}") = "test-core_save", "test\core\test-core_save.vcxproj", "{C01AD3E9-93CF-32E4-94AF-A223799FC985}"
	ProjectSection(ProjectDependencies) = postProject
		{EB9C16A6-A81A-397A-A4EF-8B7459E0EE91} = {EB9C16A6-A81A-397A-A4EF-8B7459E0EE91}
	EndProjectSection
EndProject
Project("{8BC9CEB8-8B4A-11D0-8D11-00A0C91BC942}") = "test-core_storage", "test\core\test-core_storage.vcxproj", "{E96FDAFE-985B-3424-81C1-20D33C0478AC}"
	ProjectSection(ProjectDependencies) = postProject
		{EB9C16A6-A81A-397A-A4EF-8B7459E0EE91} = {EB9C16A6-A81A-397A-A4EF-8B7459E0EE91}
	EndProjectSection
EndProject
Project("{8BC9CEB8-8B4A-11D0-8D11-00A0C91BC942}") = "test-core_swizzle", "test\core\test-core_swizzle.vcxproj", "{2B09702C-395A-38ED-84DB-EF4C380C12E0}"
	ProjectSection(ProjectDependencies) = postProject
		{EB9C16A6-A81A-397A-A4EF-8B7459E0EE91} = {EB9C16A6-A81A-397A-A4EF-8B7459E0EE91}
	EndProjectSection
EndProject
Project("{8BC9CEB8-8B4A-11D0-8D11-00A0C91BC942}") = "test-core_texture", "test\core\test-core_texture.vcxproj", "{19ACA2D9-EE06-3F7A-A5A6-63FE3409E66A}"
	ProjectSection(ProjectDependencies) = postProject
		{EB9C16A6-A81A-397A-A4EF-8B7459E0EE91} = {EB9C16A6-A81A-397A-A4EF-8B7459E0EE91}
	EndProjectSection
EndProject
Project("{8BC9CEB8-8B4A-11D0-8D11-00A0C91BC942}") = "test-core_texture_1d", "test\core\test-core_texture_1d.vcxproj", "{DE48BED0-BACE-3DE3-9742-26F5A716D607}"
	ProjectSection(ProjectDependencies) = postProject
		{EB9C16A6-A81A-397A-A4EF-8B7459E0EE91} = {EB9C16A6-A81A-397A-A4EF-8B7459E0EE91}
	EndProjectSection
EndProject
Project("{8BC9CEB8-8B4A-11D0-8D11-00A0C91BC942}") = "test-core_texture_1d_array", "test\core\test-core_texture_1d_array.vcxproj", "{27E27171-D5AC-3868-B9B7-FFB4D73CE421}"
	ProjectSection(ProjectDependencies) = postProject
		{EB9C16A6-A81A-397A-A4EF-8B7459E0EE91} = {EB9C16A6-A81A-397A-A4EF-8B7459E0EE91}
	EndProjectSection
EndProject
Project("{8BC9CEB8-8B4A-11D0-8D11-00A0C91BC942}") = "test-core_texture_2d", "test\core\test-core_texture_2d.vcxproj", "{D6AE96F1-1488-35B4-A42F-2C30342D1C22}"
	ProjectSection(ProjectDependencies) = postProject
		{EB9C16A6-A81A-397A-A4EF-8B7459E0EE91} = {EB9C16A6-A81A-397A-A4EF-8B7459E0EE91}
	EndProjectSection
EndProject
Project("{8BC9CEB8-8B4A-11D0-8D11-00A0C91BC942}") = "test-core_texture_2d_array", "test\core\test-core_texture_2d_array.vcxproj", "{6DE31F73-0B43-3DA2-A1E7-8AAB900BFA5E}"
	ProjectSection(ProjectDependencies) = postProject
		{EB9C16A6-A81A-397A-A4EF-8B7459E0EE91} = {EB9C16A6-A81A-397A-A4EF-8B7459E0EE91}
	EndProjectSection
EndProject
Project("{8BC9CEB8-8B4A-11D0-8D11-00A0C91BC942}") = "test-core_texture_3d", "test\core\test-core_texture_3d.vcxproj", "{03FD0F22-1434-3D10-9860-D21CFDA9EF46}"
	ProjectSection(ProjectDependencies) = postProject
		{EB9C16A6-A81A-397A-A4EF-8B7459E0EE91} = {EB9C16A6-A81A-397A-A4EF-8B7459E0EE91}
	EndProjectSection
EndProject
Project("{8BC9CEB8-8B4A-11D0-8D11-00A0C91BC942}") = "test-core_texture_cube", "test\core\test-core_texture_cube.vcxproj", "{D3D0DBA8-DAD4-3AB9-B438-6E08BC91B877}"
	ProjectSection(ProjectDependencies) = postProject
		{EB9C16A6-A81A-397A-A4EF-8B7459E0EE91} = {EB9C16A6-A81A-397A-A4EF-8B7459E0EE91}
	EndProjectSection
EndProject
Project("{8BC9CEB8-8B4A-11D0-8D11-00A0C91BC942}") = "test-core_texture_cube_array", "test\core\test-core_texture_cube_array.vcxproj", "{C970C62A-AC4A-3C85-9CCC-D58308780150}"
	ProjectSection(ProjectDependencies) = postProject
		{EB9C16A6-A81A-397A-A4EF-8B7459E0EE91} = {EB9C16A6-A81A-397A-A4EF-8B7459E0EE91}
	EndProjectSection
EndProject
Project("{8BC9CEB8-8B4A-11D0-8D11-00A0C91BC942}") = "test-generate_mipmaps_sampler1d", "test\core\test-generate_mipmaps_sampler1d.vcxproj", "{2B05C866-3533-39CA-8473-AAA6572C4EAF}"
	ProjectSection(ProjectDependencies) = postProject
		{EB9C16A6-A81A-397A-A4EF-8B7459E0EE91} = {EB9C16A6-A81A-397A-A4EF-8B7459E0EE91}
	EndProjectSection
EndProject
Project("{8BC9CEB8-8B4A-11D0-8D11-00A0C91BC942}") = "test-generate_mipmaps_sampler1d_array", "test\core\test-generate_mipmaps_sampler1d_array.vcxproj", "{61708A3E-5AC3-35D9-8973-7FAF40A67A39}"
	ProjectSection(ProjectDependencies) = postProject
		{EB9C16A6-A81A-397A-A4EF-8B7459E0EE91} = {EB9C16A6-A81A-397A-A4EF-8B7459E0EE91}
	EndProjectSection
EndProject
Project("{8BC9CEB8-8B4A-11D0-8D11-00A0C91BC942}") = "test-generate_mipmaps_sampler2d", "test\core\test-generate_mipmaps_sampler2d.vcxproj", "{5BC31D2A-93EE-3B57-88C8-2A5A6BA204C8}"
	ProjectSection(ProjectDependencies) = postProject
		{EB9C16A6-A81A-397A-A4EF-8B7459E0EE91} = {EB9C16A6-A81A-397A-A4EF-8B7459E0EE91}
	EndProjectSection
EndProject
Project("{8BC9CEB8-8B4A-11D0-8D11-00A0C91BC942}") = "test-generate_mipmaps_sampler2d_array", "test\core\test-generate_mipmaps_sampler2d_array.vcxproj", "{8216BB89-E47E-39D6-BCCC-1967B90DFE8D}"
	ProjectSection(ProjectDependencies) = postProject
		{EB9C16A6-A81A-397A-A4EF-8B7459E0EE91} = {EB9C16A6-A81A-397A-A4EF-8B7459E0EE91}
	EndProjectSection
EndProject
Project("{8BC9CEB8-8B4A-11D0-8D11-00A0C91BC942}") = "test-generate_mipmaps_sampler3d", "test\core\test-generate_mipmaps_sampler3d.vcxproj", "{4075F277-31E3-3564-BC4B-BBA1B1AE8852}"
	ProjectSection(ProjectDependencies) = postProject
		{EB9C16A6-A81A-397A-A4EF-8B7459E0EE91} = {EB9C16A6-A81A-397A-A4EF-8B7459E0EE91}
	EndProjectSection
EndProject
Project("{8BC9CEB8-8B4A-11D0-8D11-00A0C91BC942}") = "test-generate_mipmaps_sampler_cube", "test\core\test-generate_mipmaps_sampler_cube.vcxproj", "{F0C92F4D-7005-3AAB-95EC-81BB615CA9D2}"
	ProjectSection(ProjectDependencies) = postProject
		{EB9C16A6-A81A-397A-A4EF-8B7459E0EE91} = {EB9C16A6-A81A-397A-A4EF-8B7459E0EE91}
	EndProjectSection
EndProject
Project("{8BC9CEB8-8B4A-11D0-8D11-00A0C91BC942}") = "test-generate_mipmaps_sampler_cube_array", "test\core\test-generate_mipmaps_sampler_cube_array.vcxproj", "{B0E527DF-BD7F-3873-BBBB-0729FA009986}"
	ProjectSection(ProjectDependencies) = postProject
		{EB9C16A6-A81A-397A-A4EF-8B7459E0EE91} = {EB9C16A6-A81A-397A-A4EF-8B7459E0EE91}
	EndProjectSection
EndProject
Project("{8BC9CEB8-8B4A-11D0-8D11-00A0C91BC942}") = "test-gl", "test\core\test-gl.vcxproj", "{5E79DF5A-89C5-3147-A801-CBF9B5F689B5}"
	ProjectSection(ProjectDependencies) = postProject
		{EB9C16A6-A81A-397A-A4EF-8B7459E0EE91} = {EB9C16A6-A81A-397A-A4EF-8B7459E0EE91}
	EndProjectSection
EndProject
Project("{8BC9CEB8-8B4A-11D0-8D11-00A0C91BC942}") = "test-reduce", "test\core\test-reduce.vcxproj", "{0D893FED-07BB-3009-8C6D-B9DE145F95D9}"
	ProjectSection(ProjectDependencies) = postProject
		{EB9C16A6-A81A-397A-A4EF-8B7459E0EE91} = {EB9C16A6-A81A-397A-A4EF-8B7459E0EE91}
	EndProjectSection
EndProject
Project("{8BC9CEB8-8B4A-11D0-8D11-00A0C91BC942}") = "test-test_copy", "test\core\test-test_copy.vcxproj", "{018F8951-5058-38EC-B4A2-F8B473A12AD3}"
	ProjectSection(ProjectDependencies) = postProject
		{EB9C16A6-A81A-397A-A4EF-8B7459E0EE91} = {EB9C16A6-A81A-397A-A4EF-8B7459E0EE91}
	EndProjectSection
EndProject
Project("{8BC9CEB8-8B4A-11D0-8D11-00A0C91BC942}") = "test-test_copy_sub", "test\core\test-test_copy_sub.vcxproj", "{B5EB10D8-C924-3CD4-BFF4-53A74D60A6F4}"
	ProjectSection(ProjectDependencies) = postProject
		{EB9C16A6-A81A-397A-A4EF-8B7459E0EE91} = {EB9C16A6-A81A-397A-A4EF-8B7459E0EE91}
	EndProjectSection
EndProject
Project("{8BC9CEB8-8B4A-11D0-8D11-00A0C91BC942}") = "test-test_duplicate", "test\core\test-test_duplicate.vcxproj", "{303D8CD5-55DA-3DA9-8E84-AEE585624FED}"
	ProjectSection(ProjectDependencies) = postProject
		{EB9C16A6-A81A-397A-A4EF-8B7459E0EE91} = {EB9C16A6-A81A-397A-A4EF-8B7459E0EE91}
	EndProjectSection
EndProject
Project("{8BC9CEB8-8B4A-11D0-8D11-00A0C91BC942}") = "test-test_make_texture", "test\core\test-test_make_texture.vcxproj", "{42D683CD-FD69-3C93-B164-3879A30B9BF1}"
	ProjectSection(ProjectDependencies) = postProject
		{EB9C16A6-A81A-397A-A4EF-8B7459E0EE91} = {EB9C16A6-A81A-397A-A4EF-8B7459E0EE91}
	EndProjectSection
EndProject
Project("{8BC9CEB8-8B4A-11D0-8D11-00A0C91BC942}") = "test-test_size", "test\core\test-test_size.vcxproj", "{7EAF2E2C-6D2F-3EC0-B852-41364DDC9E71}"
	ProjectSection(ProjectDependencies) = postProject
		{EB9C16A6-A81A-397A-A4EF-8B7459E0EE91} = {EB9C16A6-A81A-397A-A4EF-8B7459E0EE91}
	EndProjectSection
EndProject
Project("{8BC9CEB8-8B4A-11D0-8D11-00A0C91BC942}") = "test-test_view", "test\core\test-test_view.vcxproj", "{775BC640-A98D-365D-B434-38CD14BFF2C4}"
	ProjectSection(ProjectDependencies) = postProject
		{EB9C16A6-A81A-397A-A4EF-8B7459E0EE91} = {EB9C16A6-A81A-397A-A4EF-8B7459E0EE91}
	EndProjectSection
EndProject
Project("{8BC9CEB8-8B4A-11D0-8D11-00A0C91BC942}") = "test-texture_lod_sampler1d", "test\core\test-texture_lod_sampler1d.vcxproj", "{344C2D41-201D-3E84-9011-D78263190F33}"
	ProjectSection(ProjectDependencies) = postProject
		{EB9C16A6-A81A-397A-A4EF-8B7459E0EE91} = {EB9C16A6-A81A-397A-A4EF-8B7459E0EE91}
	EndProjectSection
EndProject
Project("{8BC9CEB8-8B4A-11D0-8D11-00A0C91BC942}") = "test-texture_lod_sampler1d_array", "test\core\test-texture_lod_sampler1d_array.vcxproj", "{F6AAE8A2-C5AD-32A7-84C1-5355EA0BB7D0}"
	ProjectSection(ProjectDependencies) = postProject
		{EB9C16A6-A81A-397A-A4EF-8B7459E0EE91} = {EB9C16A6-A81A-397A-A4EF-8B7459E0EE91}
	EndProjectSection
EndProject
Project("{8BC9CEB8-8B4A-11D0-8D11-00A0C91BC942}") = "test-texture_lod_sampler2d", "test\core\test-texture_lod_sampler2d.vcxproj", "{18ACDDD7-9259-3B2E-95F0-F6E3DDAF6780}"
	ProjectSection(ProjectDependencies) = postProject
		{EB9C16A6-A81A-397A-A4EF-8B7459E0EE91} = {EB9C16A6-A81A-397A-A4EF-8B7459E0EE91}
	EndProjectSection
EndProject
Project("{8BC9CEB8-8B4A-11D0-8D11-00A0C91BC942}") = "test-texture_lod_sampler2d_array", "test\core\test-texture_lod_sampler2d_array.vcxproj", "{F505732D-AC17-3771-9267-9CC47D3D6C9D}"
	ProjectSection(ProjectDependencies) = postProject
		{EB9C16A6-A81A-397A-A4EF-8B7459E0EE91} = {EB9C16A6-A81A-397A-A4EF-8B7459E0EE91}
	EndProjectSection
EndProject
Project("{8BC9CEB8-8B4A-11D0-8D11-00A0C91BC942}") = "test-texture_lod_sampler3d", "test\core\test-texture_lod_sampler3d.vcxproj", "{A154FCF0-E0F0-3D55-96B4-35B0C8D8BEC7}"
	ProjectSection(ProjectDependencies) = postProject
		{EB9C16A6-A81A-397A-A4EF-8B7459E0EE91} = {EB9C16A6-A81A-397A-A4EF-8B7459E0EE91}
	EndProjectSection
EndProject
Project("{8BC9CEB8-8B4A-11D0-8D11-00A0C91BC942}") = "test-texture_lod_sampler_cube", "test\core\test-texture_lod_sampler_cube.vcxproj", "{F12C94DB-7638-38E8-8CE0-01A86A861FC6}"
	ProjectSection(ProjectDependencies) = postProject
		{EB9C16A6-A81A-397A-A4EF-8B7459E0EE91} = {EB9C16A6-A81A-397A-A4EF-8B7459E0EE91}
	EndProjectSection
EndProject
Project("{8BC9CEB8-8B4A-11D0-8D11-00A0C91BC942}") = "test-texture_lod_sampler_cube_array", "test\core\test-texture_lod_sampler_cube_array.vcxproj", "{C3B2D110-BB51-350A-A393-5B4B21326515}"
	ProjectSection(ProjectDependencies) = postProject
		{EB9C16A6-A81A-397A-A4EF-8B7459E0EE91} = {EB9C16A6-A81A-397A-A4EF-8B7459E0EE91}
	EndProjectSection
EndProject
Project("{8BC9CEB8-8B4A-11D0-8D11-00A0C91BC942}") = "test-transform", "test\core\test-transform.vcxproj", "{DDEB5073-3B5E-32E5-8981-1B2D253D906B}"
	ProjectSection(ProjectDependencies) = postProject
		{EB9C16A6-A81A-397A-A4EF-8B7459E0EE91} = {EB9C16A6-A81A-397A-A4EF-8B7459E0EE91}
	EndProjectSection
EndProject
Global
	GlobalSection(SolutionConfigurationPlatforms) = preSolution
		Debug|x64 = Debug|x64
		Release|x64 = Release|x64
		MinSizeRel|x64 = MinSizeRel|x64
		RelWithDebInfo|x64 = RelWithDebInfo|x64
	EndGlobalSection
	GlobalSection(ProjectConfigurationPlatforms) = postSolution
		{68B9524D-8B81-3768-A116-1B422353916B}.Debug|x64.ActiveCfg = Debug|x64
		{68B9524D-8B81-3768-A116-1B422353916B}.Debug|x64.Build.0 = Debug|x64
		{68B9524D-8B81-3768-A116-1B422353916B}.Release|x64.ActiveCfg = Release|x64
		{68B9524D-8B81-3768-A116-1B422353916B}.Release|x64.Build.0 = Release|x64
		{68B9524D-8B81-3768-A116-1B422353916B}.MinSizeRel|x64.ActiveCfg = MinSizeRel|x64
		{68B9524D-8B81-3768-A116-1B422353916B}.MinSizeRel|x64.Build.0 = MinSizeRel|x64
		{68B9524D-8B81-3768-A116-1B422353916B}.RelWithDebInfo|x64.ActiveCfg = RelWithDebInfo|x64
		{68B9524D-8B81-3768-A116-1B422353916B}.RelWithDebInfo|x64.Build.0 = RelWithDebInfo|x64
		{340CC195-C828-3A2F-9549-4869472B3E89}.Debug|x64.ActiveCfg = Debug|x64
		{340CC195-C828-3A2F-9549-4869472B3E89}.Release|x64.ActiveCfg = Release|x64
		{340CC195-C828-3A2F-9549-4869472B3E89}.MinSizeRel|x64.ActiveCfg = MinSizeRel|x64
		{340CC195-C828-3A2F-9549-4869472B3E89}.RelWithDebInfo|x64.ActiveCfg = RelWithDebInfo|x64
		{848A9E67-F0B6-3979-AF52-673224C52338}.Debug|x64.ActiveCfg = Debug|x64
		{848A9E67-F0B6-3979-AF52-673224C52338}.Release|x64.ActiveCfg = Release|x64
		{848A9E67-F0B6-3979-AF52-673224C52338}.MinSizeRel|x64.ActiveCfg = MinSizeRel|x64
		{848A9E67-F0B6-3979-AF52-673224C52338}.RelWithDebInfo|x64.ActiveCfg = RelWithDebInfo|x64
		{EB9C16A6-A81A-397A-A4EF-8B7459E0EE91}.Debug|x64.ActiveCfg = Debug|x64
		{EB9C16A6-A81A-397A-A4EF-8B7459E0EE91}.Debug|x64.Build.0 = Debug|x64
		{EB9C16A6-A81A-397A-A4EF-8B7459E0EE91}.Release|x64.ActiveCfg = Release|x64
		{EB9C16A6-A81A-397A-A4EF-8B7459E0EE91}.Release|x64.Build.0 = Release|x64
		{EB9C16A6-A81A-397A-A4EF-8B7459E0EE91}.MinSizeRel|x64.ActiveCfg = MinSizeRel|x64
		{EB9C16A6-A81A-397A-A4EF-8B7459E0EE91}.MinSizeRel|x64.Build.0 = MinSizeRel|x64
		{EB9C16A6-A81A-397A-A4EF-8B7459E0EE91}.RelWithDebInfo|x64.ActiveCfg = RelWithDebInfo|x64
		{EB9C16A6-A81A-397A-A4EF-8B7459E0EE91}.RelWithDebInfo|x64.Build.0 = RelWithDebInfo|x64
		{E29B69F5-D906-3D86-82BA-F33E12B3DC06}.Debug|x64.ActiveCfg = Debug|x64
		{E29B69F5-D906-3D86-82BA-F33E12B3DC06}.Debug|x64.Build.0 = Debug|x64
		{E29B69F5-D906-3D86-82BA-F33E12B3DC06}.Release|x64.ActiveCfg = Release|x64
		{E29B69F5-D906-3D86-82BA-F33E12B3DC06}.Release|x64.Build.0 = Release|x64
		{E29B69F5-D906-3D86-82BA-F33E12B3DC06}.MinSizeRel|x64.ActiveCfg = MinSizeRel|x64
		{E29B69F5-D906-3D86-82BA-F33E12B3DC06}.MinSizeRel|x64.Build.0 = MinSizeRel|x64
		{E29B69F5-D906-3D86-82BA-F33E12B3DC06}.RelWithDebInfo|x64.ActiveCfg = RelWithDebInfo|x64
		{E29B69F5-D906-3D86-82BA-F33E12B3DC06}.RelWithDebInfo|x64.Build.0 = RelWithDebInfo|x64
		{E5F01EF9-CD20-363A-82EE-5B9D61A730DF}.Debug|x64.ActiveCfg = Debug|x64
		{E5F01EF9-CD20-363A-82EE-5B9D61A730DF}.Debug|x64.Build.0 = Debug|x64
		{E5F01EF9-CD20-363A-82EE-5B9D61A730DF}.Release|x64.ActiveCfg = Release|x64
		{E5F01EF9-CD20-363A-82EE-5B9D61A730DF}.Release|x64.Build.0 = Release|x64
		{E5F01EF9-CD20-363A-82EE-5B9D61A730DF}.MinSizeRel|x64.ActiveCfg = MinSizeRel|x64
		{E5F01EF9-CD20-363A-82EE-5B9D61A730DF}.MinSizeRel|x64.Build.0 = MinSizeRel|x64
		{E5F01EF9-CD20-363A-82EE-5B9D61A730DF}.RelWithDebInfo|x64.ActiveCfg = RelWithDebInfo|x64
		{E5F01EF9-CD20-363A-82EE-5B9D61A730DF}.RelWithDebInfo|x64.Build.0 = RelWithDebInfo|x64
		{39CF6E34-7222-3D0B-AD31-9BF67A42E14B}.Debug|x64.ActiveCfg = Debug|x64
		{39CF6E34-7222-3D0B-AD31-9BF67A42E14B}.Debug|x64.Build.0 = Debug|x64
		{39CF6E34-7222-3D0B-AD31-9BF67A42E14B}.Release|x64.ActiveCfg = Release|x64
		{39CF6E34-7222-3D0B-AD31-9BF67A42E14B}.Release|x64.Build.0 = Release|x64
		{39CF6E34-7222-3D0B-AD31-9BF67A42E14B}.MinSizeRel|x64.ActiveCfg = MinSizeRel|x64
		{39CF6E34-7222-3D0B-AD31-9BF67A42E14B}.MinSizeRel|x64.Build.0 = MinSizeRel|x64
		{39CF6E34-7222-3D0B-AD31-9BF67A42E14B}.RelWithDebInfo|x64.ActiveCfg = RelWithDebInfo|x64
		{39CF6E34-7222-3D0B-AD31-9BF67A42E14B}.RelWithDebInfo|x64.Build.0 = RelWithDebInfo|x64
		{5ACBA85F-F4F5-3FEC-8704-BC27E7B2A1B7}.Debug|x64.ActiveCfg = Debug|x64
		{5ACBA85F-F4F5-3FEC-8704-BC27E7B2A1B7}.Debug|x64.Build.0 = Debug|x64
		{5ACBA85F-F4F5-3FEC-8704-BC27E7B2A1B7}.Release|x64.ActiveCfg = Release|x64
		{5ACBA85F-F4F5-3FEC-8704-BC27E7B2A1B7}.Release|x64.Build.0 = Release|x64
		{5ACBA85F-F4F5-3FEC-8704-BC27E7B2A1B7}.MinSizeRel|x64.ActiveCfg = MinSizeRel|x64
		{5ACBA85F-F4F5-3FEC-8704-BC27E7B2A1B7}.MinSizeRel|x64.Build.0 = MinSizeRel|x64
		{5ACBA85F-F4F5-3FEC-8704-BC27E7B2A1B7}.RelWithDebInfo|x64.ActiveCfg = RelWithDebInfo|x64
		{5ACBA85F-F4F5-3FEC-8704-BC27E7B2A1B7}.RelWithDebInfo|x64.Build.0 = RelWithDebInfo|x64
		{E17109FA-017E-3D8F-A7FD-41D5A19526FD}.Debug|x64.ActiveCfg = Debug|x64
		{E17109FA-017E-3D8F-A7FD-41D5A19526FD}.Debug|x64.Build.0 = Debug|x64
		{E17109FA-017E-3D8F-A7FD-41D5A19526FD}.Release|x64.ActiveCfg = Release|x64
		{E17109FA-017E-3D8F-A7FD-41D5A19526FD}.Release|x64.Build.0 = Release|x64
		{E17109FA-017E-3D8F-A7FD-41D5A19526FD}.MinSizeRel|x64.ActiveCfg = MinSizeRel|x64
		{E17109FA-017E-3D8F-A7FD-41D5A19526FD}.MinSizeRel|x64.Build.0 = MinSizeRel|x64
		{E17109FA-017E-3D8F-A7FD-41D5A19526FD}.RelWithDebInfo|x64.ActiveCfg = RelWithDebInfo|x64
		{E17109FA-017E-3D8F-A7FD-41D5A19526FD}.RelWithDebInfo|x64.Build.0 = RelWithDebInfo|x64
		{D24EB880-BEC6-339E-8AA8-A6ADF19CD72C}.Debug|x64.ActiveCfg = Debug|x64
		{D24EB880-BEC6-339E-8AA8-A6ADF19CD72C}.Debug|x64.Build.0 = Debug|x64
		{D24EB880-BEC6-339E-8AA8-A6ADF19CD72C}.Release|x64.ActiveCfg = Release|x64
		{D24EB880-BEC6-339E-8AA8-A6ADF19CD72C}.Release|x64.Build.0 = Release|x64
		{D24EB880-BEC6-339E-8AA8-A6ADF19CD72C}.MinSizeRel|x64.ActiveCfg = MinSizeRel|x64
		{D24EB880-BEC6-339E-8AA8-A6ADF19CD72C}.MinSizeRel|x64.Build.0 = MinSizeRel|x64
		{D24EB880-BEC6-339E-8AA8-A6ADF19CD72C}.RelWithDebInfo|x64.ActiveCfg = RelWithDebInfo|x64
		{D24EB880-BEC6-339E-8AA8-A6ADF19CD72C}.RelWithDebInfo|x64.Build.0 = RelWithDebInfo|x64
		{12C696C3-98AE-3D07-8F7C-D750E9E87C18}.Debug|x64.ActiveCfg = Debug|x64
		{12C696C3-98AE-3D07-8F7C-D750E9E87C18}.Debug|x64.Build.0 = Debug|x64
		{12C696C3-98AE-3D07-8F7C-D750E9E87C18}.Release|x64.ActiveCfg = Release|x64
		{12C696C3-98AE-3D07-8F7C-D750E9E87C18}.Release|x64.Build.0 = Release|x64
		{12C696C3-98AE-3D07-8F7C-D750E9E87C18}.MinSizeRel|x64.ActiveCfg = MinSizeRel|x64
		{12C696C3-98AE-3D07-8F7C-D750E9E87C18}.MinSizeRel|x64.Build.0 = MinSizeRel|x64
		{12C696C3-98AE-3D07-8F7C-D750E9E87C18}.RelWithDebInfo|x64.ActiveCfg = RelWithDebInfo|x64
		{12C696C3-98AE-3D07-8F7C-D750E9E87C18}.RelWithDebInfo|x64.Build.0 = RelWithDebInfo|x64
		{1256E5C5-B794-3FC1-BEF0-8B853ECBD48E}.Debug|x64.ActiveCfg = Debug|x64
		{1256E5C5-B794-3FC1-BEF0-8B853ECBD48E}.Debug|x64.Build.0 = Debug|x64
		{1256E5C5-B794-3FC1-BEF0-8B853ECBD48E}.Release|x64.ActiveCfg = Release|x64
		{1256E5C5-B794-3FC1-BEF0-8B853ECBD48E}.Release|x64.Build.0 = Release|x64
		{1256E5C5-B794-3FC1-BEF0-8B853ECBD48E}.MinSizeRel|x64.ActiveCfg = MinSizeRel|x64
		{1256E5C5-B794-3FC1-BEF0-8B853ECBD48E}.MinSizeRel|x64.Build.0 = MinSizeRel|x64
		{1256E5C5-B794-3FC1-BEF0-8B853ECBD48E}.RelWithDebInfo|x64.ActiveCfg = RelWithDebInfo|x64
		{1256E5C5-B794-3FC1-BEF0-8B853ECBD48E}.RelWithDebInfo|x64.Build.0 = RelWithDebInfo|x64
		{6305FDFC-9F37-3449-B1B2-4CB74FDC05F1}.Debug|x64.ActiveCfg = Debug|x64
		{6305FDFC-9F37-3449-B1B2-4CB74FDC05F1}.Debug|x64.Build.0 = Debug|x64
		{6305FDFC-9F37-3449-B1B2-4CB74FDC05F1}.Release|x64.ActiveCfg = Release|x64
		{6305FDFC-9F37-3449-B1B2-4CB74FDC05F1}.Release|x64.Build.0 = Release|x64
		{6305FDFC-9F37-3449-B1B2-4CB74FDC05F1}.MinSizeRel|x64.ActiveCfg = MinSizeRel|x64
		{6305FDFC-9F37-3449-B1B2-4CB74FDC05F1}.MinSizeRel|x64.Build.0 = MinSizeRel|x64
		{6305FDFC-9F37-3449-B1B2-4CB74FDC05F1}.RelWithDebInfo|x64.ActiveCfg = RelWithDebInfo|x64
		{6305FDFC-9F37-3449-B1B2-4CB74FDC05F1}.RelWithDebInfo|x64.Build.0 = RelWithDebInfo|x64
		{424B8FB2-9B71-34EE-BAD6-CCD161894BEB}.Debug|x64.ActiveCfg = Debug|x64
		{424B8FB2-9B71-34EE-BAD6-CCD161894BEB}.Debug|x64.Build.0 = Debug|x64
		{424B8FB2-9B71-34EE-BAD6-CCD161894BEB}.Release|x64.ActiveCfg = Release|x64
		{424B8FB2-9B71-34EE-BAD6-CCD161894BEB}.Release|x64.Build.0 = Release|x64
		{424B8FB2-9B71-34EE-BAD6-CCD161894BEB}.MinSizeRel|x64.ActiveCfg = MinSizeRel|x64
		{424B8FB2-9B71-34EE-BAD6-CCD161894BEB}.MinSizeRel|x64.Build.0 = MinSizeRel|x64
		{424B8FB2-9B71-34EE-BAD6-CCD161894BEB}.RelWithDebInfo|x64.ActiveCfg = RelWithDebInfo|x64
		{424B8FB2-9B71-34EE-BAD6-CCD161894BEB}.RelWithDebInfo|x64.Build.0 = RelWithDebInfo|x64
		{475A02C9-BAA7-3661-A308-39E1325E5E5C}.Debug|x64.ActiveCfg = Debug|x64
		{475A02C9-BAA7-3661-A308-39E1325E5E5C}.Debug|x64.Build.0 = Debug|x64
		{475A02C9-BAA7-3661-A308-39E1325E5E5C}.Release|x64.ActiveCfg = Release|x64
		{475A02C9-BAA7-3661-A308-39E1325E5E5C}.Release|x64.Build.0 = Release|x64
		{475A02C9-BAA7-3661-A308-39E1325E5E5C}.MinSizeRel|x64.ActiveCfg = MinSizeRel|x64
		{475A02C9-BAA7-3661-A308-39E1325E5E5C}.MinSizeRel|x64.Build.0 = MinSizeRel|x64
		{475A02C9-BAA7-3661-A308-39E1325E5E5C}.RelWithDebInfo|x64.ActiveCfg = RelWithDebInfo|x64
		{475A02C9-BAA7-3661-A308-39E1325E5E5C}.RelWithDebInfo|x64.Build.0 = RelWithDebInfo|x64
		{599A8AAD-2343-3130-8D0E-9B5A4CD96A7D}.Debug|x64.ActiveCfg = Debug|x64
		{599A8AAD-2343-3130-8D0E-9B5A4CD96A7D}.Debug|x64.Build.0 = Debug|x64
		{599A8AAD-2343-3130-8D0E-9B5A4CD96A7D}.Release|x64.ActiveCfg = Release|x64
		{599A8AAD-2343-3130-8D0E-9B5A4CD96A7D}.Release|x64.Build.0 = Release|x64
		{599A8AAD-2343-3130-8D0E-9B5A4CD96A7D}.MinSizeRel|x64.ActiveCfg = MinSizeRel|x64
		{599A8AAD-2343-3130-8D0E-9B5A4CD96A7D}.MinSizeRel|x64.Build.0 = MinSizeRel|x64
		{599A8AAD-2343-3130-8D0E-9B5A4CD96A7D}.RelWithDebInfo|x64.ActiveCfg = RelWithDebInfo|x64
		{599A8AAD-2343-3130-8D0E-9B5A4CD96A7D}.RelWithDebInfo|x64.Build.0 = RelWithDebInfo|x64
		{F3D7930A-E79E-3BCD-B633-167D34B6E514}.Debug|x64.ActiveCfg = Debug|x64
		{F3D7930A-E79E-3BCD-B633-167D34B6E514}.Debug|x64.Build.0 = Debug|x64
		{F3D7930A-E79E-3BCD-B633-167D34B6E514}.Release|x64.ActiveCfg = Release|x64
		{F3D7930A-E79E-3BCD-B633-167D34B6E514}.Release|x64.Build.0 = Release|x64
		{F3D7930A-E79E-3BCD-B633-167D34B6E514}.MinSizeRel|x64.ActiveCfg = MinSizeRel|x64
		{F3D7930A-E79E-3BCD-B633-167D34B6E514}.MinSizeRel|x64.Build.0 = MinSizeRel|x64
		{F3D7930A-E79E-3BCD-B633-167D34B6E514}.RelWithDebInfo|x64.ActiveCfg = RelWithDebInfo|x64
		{F3D7930A-E79E-3BCD-B633-167D34B6E514}.RelWithDebInfo|x64.Build.0 = RelWithDebInfo|x64
		{CD74C63F-BB9A-348E-BDCD-19068600B52D}.Debug|x64.ActiveCfg = Debug|x64
		{CD74C63F-BB9A-348E-BDCD-19068600B52D}.Debug|x64.Build.0 = Debug|x64
		{CD74C63F-BB9A-348E-BDCD-19068600B52D}.Release|x64.ActiveCfg = Release|x64
		{CD74C63F-BB9A-348E-BDCD-19068600B52D}.Release|x64.Build.0 = Release|x64
		{CD74C63F-BB9A-348E-BDCD-19068600B52D}.MinSizeRel|x64.ActiveCfg = MinSizeRel|x64
		{CD74C63F-BB9A-348E-BDCD-19068600B52D}.MinSizeRel|x64.Build.0 = MinSizeRel|x64
		{CD74C63F-BB9A-348E-BDCD-19068600B52D}.RelWithDebInfo|x64.ActiveCfg = RelWithDebInfo|x64
		{CD74C63F-BB9A-348E-BDCD-19068600B52D}.RelWithDebInfo|x64.Build.0 = RelWithDebInfo|x64
		{B4F324D5-DE85-3C7D-92A9-82F107E2CE20}.Debug|x64.ActiveCfg = Debug|x64
		{B4F324D5-DE85-3C7D-92A9-82F107E2CE20}.Debug|x64.Build.0 = Debug|x64
		{B4F324D5-DE85-3C7D-92A9-82F107E2CE20}.Release|x64.ActiveCfg = Release|x64
		{B4F324D5-DE85-3C7D-92A9-82F107E2CE20}.Release|x64.Build.0 = Release|x64
		{B4F324D5-DE85-3C7D-92A9-82F107E2CE20}.MinSizeRel|x64.ActiveCfg = MinSizeRel|x64
		{B4F324D5-DE85-3C7D-92A9-82F107E2CE20}.MinSizeRel|x64.Build.0 = MinSizeRel|x64
		{B4F324D5-DE85-3C7D-92A9-82F107E2CE20}.RelWithDebInfo|x64.ActiveCfg = RelWithDebInfo|x64
		{B4F324D5-DE85-3C7D-92A9-82F107E2CE20}.RelWithDebInfo|x64.Build.0 = RelWithDebInfo|x64
		{DD759A19-7905-3ED0-875A-78EEE5EC7288}.Debug|x64.ActiveCfg = Debug|x64
		{DD759A19-7905-3ED0-875A-78EEE5EC7288}.Debug|x64.Build.0 = Debug|x64
		{DD759A19-7905-3ED0-875A-78EEE5EC7288}.Release|x64.ActiveCfg = Release|x64
		{DD759A19-7905-3ED0-875A-78EEE5EC7288}.Release|x64.Build.0 = Release|x64
		{DD759A19-7905-3ED0-875A-78EEE5EC7288}.MinSizeRel|x64.ActiveCfg = MinSizeRel|x64
		{DD759A19-7905-3ED0-875A-78EEE5EC7288}.MinSizeRel|x64.Build.0 = MinSizeRel|x64
		{DD759A19-7905-3ED0-875A-78EEE5EC7288}.RelWithDebInfo|x64.ActiveCfg = RelWithDebInfo|x64
		{DD759A19-7905-3ED0-875A-78EEE5EC7288}.RelWithDebInfo|x64.Build.0 = RelWithDebInfo|x64
		{F6CFB203-0DA2-32B7-A3DE-F9FE8CF2F584}.Debug|x64.ActiveCfg = Debug|x64
		{F6CFB203-0DA2-32B7-A3DE-F9FE8CF2F584}.Debug|x64.Build.0 = Debug|x64
		{F6CFB203-0DA2-32B7-A3DE-F9FE8CF2F584}.Release|x64.ActiveCfg = Release|x64
		{F6CFB203-0DA2-32B7-A3DE-F9FE8CF2F584}.Release|x64.Build.0 = Release|x64
		{F6CFB203-0DA2-32B7-A3DE-F9FE8CF2F584}.MinSizeRel|x64.ActiveCfg = MinSizeRel|x64
		{F6CFB203-0DA2-32B7-A3DE-F9FE8CF2F584}.MinSizeRel|x64.Build.0 = MinSizeRel|x64
		{F6CFB203-0DA2-32B7-A3DE-F9FE8CF2F584}.RelWithDebInfo|x64.ActiveCfg = RelWithDebInfo|x64
		{F6CFB203-0DA2-32B7-A3DE-F9FE8CF2F584}.RelWithDebInfo|x64.Build.0 = RelWithDebInfo|x64
		{B6509A6B-9D14-3E8F-8BC0-C6784A5AB871}.Debug|x64.ActiveCfg = Debug|x64
		{B6509A6B-9D14-3E8F-8BC0-C6784A5AB871}.Debug|x64.Build.0 = Debug|x64
		{B6509A6B-9D14-3E8F-8BC0-C6784A5AB871}.Release|x64.ActiveCfg = Release|x64
		{B6509A6B-9D14-3E8F-8BC0-C6784A5AB871}.Release|x64.Build.0 = Release|x64
		{B6509A6B-9D14-3E8F-8BC0-C6784A5AB871}.MinSizeRel|x64.ActiveCfg = MinSizeRel|x64
		{B6509A6B-9D14-3E8F-8BC0-C6784A5AB871}.MinSizeRel|x64.Build.0 = MinSizeRel|x64
		{B6509A6B-9D14-3E8F-8BC0-C6784A5AB871}.RelWithDebInfo|x64.ActiveCfg = RelWithDebInfo|x64
		{B6509A6B-9D14-3E8F-8BC0-C6784A5AB871}.RelWithDebInfo|x64.Build.0 = RelWithDebInfo|x64
		{FDF724A0-D235-3D02-A036-A183A5F82332}.Debug|x64.ActiveCfg = Debug|x64
		{FDF724A0-D235-3D02-A036-A183A5F82332}.Debug|x64.Build.0 = Debug|x64
		{FDF724A0-D235-3D02-A036-A183A5F82332}.Release|x64.ActiveCfg = Release|x64
		{FDF724A0-D235-3D02-A036-A183A5F82332}.Release|x64.Build.0 = Release|x64
		{FDF724A0-D235-3D02-A036-A183A5F82332}.MinSizeRel|x64.ActiveCfg = MinSizeRel|x64
		{FDF724A0-D235-3D02-A036-A183A5F82332}.MinSizeRel|x64.Build.0 = MinSizeRel|x64
		{FDF724A0-D235-3D02-A036-A183A5F82332}.RelWithDebInfo|x64.ActiveCfg = RelWithDebInfo|x64
		{FDF724A0-D235-3D02-A036-A183A5F82332}.RelWithDebInfo|x64.Build.0 = RelWithDebInfo|x64
		{F7FFBDB6-B9BD-39CB-8A4B-4E9FD21F36F3}.Debug|x64.ActiveCfg = Debug|x64
		{F7FFBDB6-B9BD-39CB-8A4B-4E9FD21F36F3}.Debug|x64.Build.0 = Debug|x64
		{F7FFBDB6-B9BD-39CB-8A4B-4E9FD21F36F3}.Release|x64.ActiveCfg = Release|x64
		{F7FFBDB6-B9BD-39CB-8A4B-4E9FD21F36F3}.Release|x64.Build.0 = Release|x64
		{F7FFBDB6-B9BD-39CB-8A4B-4E9FD21F36F3}.MinSizeRel|x64.ActiveCfg = MinSizeRel|x64
		{F7FFBDB6-B9BD-39CB-8A4B-4E9FD21F36F3}.MinSizeRel|x64.Build.0 = MinSizeRel|x64
		{F7FFBDB6-B9BD-39CB-8A4B-4E9FD21F36F3}.RelWithDebInfo|x64.ActiveCfg = RelWithDebInfo|x64
		{F7FFBDB6-B9BD-39CB-8A4B-4E9FD21F36F3}.RelWithDebInfo|x64.Build.0 = RelWithDebInfo|x64
		{A4C60F79-E610-3BB5-9A20-A5737FDFFE5D}.Debug|x64.ActiveCfg = Debug|x64
		{A4C60F79-E610-3BB5-9A20-A5737FDFFE5D}.Debug|x64.Build.0 = Debug|x64
		{A4C60F79-E610-3BB5-9A20-A5737FDFFE5D}.Release|x64.ActiveCfg = Release|x64
		{A4C60F79-E610-3BB5-9A20-A5737FDFFE5D}.Release|x64.Build.0 = Release|x64
		{A4C60F79-E610-3BB5-9A20-A5737FDFFE5D}.MinSizeRel|x64.ActiveCfg = MinSizeRel|x64
		{A4C60F79-E610-3BB5-9A20-A5737FDFFE5D}.MinSizeRel|x64.Build.0 = MinSizeRel|x64
		{A4C60F79-E610-3BB5-9A20-A5737FDFFE5D}.RelWithDebInfo|x64.ActiveCfg = RelWithDebInfo|x64
		{A4C60F79-E610-3BB5-9A20-A5737FDFFE5D}.RelWithDebInfo|x64.Build.0 = RelWithDebInfo|x64
		{3C738198-974B-3DCE-A100-7FC752760EC7}.Debug|x64.ActiveCfg = Debug|x64
		{3C738198-974B-3DCE-A100-7FC752760EC7}.Debug|x64.Build.0 = Debug|x64
		{3C738198-974B-3DCE-A100-7FC752760EC7}.Release|x64.ActiveCfg = Release|x64
		{3C738198-974B-3DCE-A100-7FC752760EC7}.Release|x64.Build.0 = Release|x64
		{3C738198-974B-3DCE-A100-7FC752760EC7}.MinSizeRel|x64.ActiveCfg = MinSizeRel|x64
		{3C738198-974B-3DCE-A100-7FC752760EC7}.MinSizeRel|x64.Build.0 = MinSizeRel|x64
		{3C738198-974B-3DCE-A100-7FC752760EC7}.RelWithDebInfo|x64.ActiveCfg = RelWithDebInfo|x64
		{3C738198-974B-3DCE-A100-7FC752760EC7}.RelWithDebInfo|x64.Build.0 = RelWithDebInfo|x64
		{14D200EB-DD1C-3755-B83C-51E4412329F6}.Debug|x64.ActiveCfg = Debug|x64
		{14D200EB-DD1C-3755-B83C-51E4412329F6}.Debug|x64.Build.0 = Debug|x64
		{14D200EB-DD1C-3755-B83C-51E4412329F6}.Release|x64.ActiveCfg = Release|x64
		{14D200EB-DD1C-3755-B83C-51E4412329F6}.Release|x64.Build.0 = Release|x64
		{14D200EB-DD1C-3755-B83C-51E4412329F6}.MinSizeRel|x64.ActiveCfg = MinSizeRel|x64
		{14D200EB-DD1C-3755-B83C-51E4412329F6}.MinSizeRel|x64.Build.0 = MinSizeRel|x64
		{14D200EB-DD1C-3755-B83C-51E4412329F6}.RelWithDebInfo|x64.ActiveCfg = RelWithDebInfo|x64
		{14D200EB-DD1C-3755-B83C-51E4412329F6}.RelWithDebInfo|x64.Build.0 = RelWithDebInfo|x64
		{918825B2-A45F-32FC-B554-8B2127022B01}.Debug|x64.ActiveCfg = Debug|x64
		{918825B2-A45F-32FC-B554-8B2127022B01}.Debug|x64.Build.0 = Debug|x64
		{918825B2-A45F-32FC-B554-8B2127022B01}.Release|x64.ActiveCfg = Release|x64
		{918825B2-A45F-32FC-B554-8B2127022B01}.Release|x64.Build.0 = Release|x64
		{918825B2-A45F-32FC-B554-8B2127022B01}.MinSizeRel|x64.ActiveCfg = MinSizeRel|x64
		{918825B2-A45F-32FC-B554-8B2127022B01}.MinSizeRel|x64.Build.0 = MinSizeRel|x64
		{918825B2-A45F-32FC-B554-8B2127022B01}.RelWithDebInfo|x64.ActiveCfg = RelWithDebInfo|x64
		{918825B2-A45F-32FC-B554-8B2127022B01}.RelWithDebInfo|x64.Build.0 = RelWithDebInfo|x64
		{9626AE2B-843D-339A-99D7-4AF8E7DE6E35}.Debug|x64.ActiveCfg = Debug|x64
		{9626AE2B-843D-339A-99D7-4AF8E7DE6E35}.Debug|x64.Build.0 = Debug|x64
		{9626AE2B-843D-339A-99D7-4AF8E7DE6E35}.Release|x64.ActiveCfg = Release|x64
		{9626AE2B-843D-339A-99D7-4AF8E7DE6E35}.Release|x64.Build.0 = Release|x64
		{9626AE2B-843D-339A-99D7-4AF8E7DE6E35}.MinSizeRel|x64.ActiveCfg = MinSizeRel|x64
		{9626AE2B-843D-339A-99D7-4AF8E7DE6E35}.MinSizeRel|x64.Build.0 = MinSizeRel|x64
		{9626AE2B-843D-339A-99D7-4AF8E7DE6E35}.RelWithDebInfo|x64.ActiveCfg = RelWithDebInfo|x64
		{9626AE2B-843D-339A-99D7-4AF8E7DE6E35}.RelWithDebInfo|x64.Build.0 = RelWithDebInfo|x64
		{850E8358-2A78-3A59-81EC-351296AD72BD}.Debug|x64.ActiveCfg = Debug|x64
		{850E8358-2A78-3A59-81EC-351296AD72BD}.Debug|x64.Build.0 = Debug|x64
		{850E8358-2A78-3A59-81EC-351296AD72BD}.Release|x64.ActiveCfg = Release|x64
		{850E8358-2A78-3A59-81EC-351296AD72BD}.Release|x64.Build.0 = Release|x64
		{850E8358-2A78-3A59-81EC-351296AD72BD}.MinSizeRel|x64.ActiveCfg = MinSizeRel|x64
		{850E8358-2A78-3A59-81EC-351296AD72BD}.MinSizeRel|x64.Build.0 = MinSizeRel|x64
		{850E8358-2A78-3A59-81EC-351296AD72BD}.RelWithDebInfo|x64.ActiveCfg = RelWithDebInfo|x64
		{850E8358-2A78-3A59-81EC-351296AD72BD}.RelWithDebInfo|x64.Build.0 = RelWithDebInfo|x64
		{532897C0-B88D-3E9C-8DDF-E0213D15F9A4}.Debug|x64.ActiveCfg = Debug|x64
		{532897C0-B88D-3E9C-8DDF-E0213D15F9A4}.Debug|x64.Build.0 = Debug|x64
		{532897C0-B88D-3E9C-8DDF-E0213D15F9A4}.Release|x64.ActiveCfg = Release|x64
		{532897C0-B88D-3E9C-8DDF-E0213D15F9A4}.Release|x64.Build.0 = Release|x64
		{532897C0-B88D-3E9C-8DDF-E0213D15F9A4}.MinSizeRel|x64.ActiveCfg = MinSizeRel|x64
		{532897C0-B88D-3E9C-8DDF-E0213D15F9A4}.MinSizeRel|x64.Build.0 = MinSizeRel|x64
		{532897C0-B88D-3E9C-8DDF-E0213D15F9A4}.RelWithDebInfo|x64.ActiveCfg = RelWithDebInfo|x64
		{532897C0-B88D-3E9C-8DDF-E0213D15F9A4}.RelWithDebInfo|x64.Build.0 = RelWithDebInfo|x64
		{CF6F05F7-66F2-3263-8DBB-BA471CE516D8}.Debug|x64.ActiveCfg = Debug|x64
		{CF6F05F7-66F2-3263-8DBB-BA471CE516D8}.Debug|x64.Build.0 = Debug|x64
		{CF6F05F7-66F2-3263-8DBB-BA471CE516D8}.Release|x64.ActiveCfg = Release|x64
		{CF6F05F7-66F2-3263-8DBB-BA471CE516D8}.Release|x64.Build.0 = Release|x64
		{CF6F05F7-66F2-3263-8DBB-BA471CE516D8}.MinSizeRel|x64.ActiveCfg = MinSizeRel|x64
		{CF6F05F7-66F2-3263-8DBB-BA471CE516D8}.MinSizeRel|x64.Build.0 = MinSizeRel|x64
		{CF6F05F7-66F2-3263-8DBB-BA471CE516D8}.RelWithDebInfo|x64.ActiveCfg = RelWithDebInfo|x64
		{CF6F05F7-66F2-3263-8DBB-BA471CE516D8}.RelWithDebInfo|x64.Build.0 = RelWithDebInfo|x64
		{D780D717-F4E9-371E-9138-0DDC60D8EC6F}.Debug|x64.ActiveCfg = Debug|x64
		{D780D717-F4E9-371E-9138-0DDC60D8EC6F}.Debug|x64.Build.0 = Debug|x64
		{D780D717-F4E9-371E-9138-0DDC60D8EC6F}.Release|x64.ActiveCfg = Release|x64
		{D780D717-F4E9-371E-9138-0DDC60D8EC6F}.Release|x64.Build.0 = Release|x64
		{D780D717-F4E9-371E-9138-0DDC60D8EC6F}.MinSizeRel|x64.ActiveCfg = MinSizeRel|x64
		{D780D717-F4E9-371E-9138-0DDC60D8EC6F}.MinSizeRel|x64.Build.0 = MinSizeRel|x64
		{D780D717-F4E9-371E-9138-0DDC60D8EC6F}.RelWithDebInfo|x64.ActiveCfg = RelWithDebInfo|x64
		{D780D717-F4E9-371E-9138-0DDC60D8EC6F}.RelWithDebInfo|x64.Build.0 = RelWithDebInfo|x64
		{802CA1E0-AFA0-3D4D-819E-6BF4CF81DFC9}.Debug|x64.ActiveCfg = Debug|x64
		{802CA1E0-AFA0-3D4D-819E-6BF4CF81DFC9}.Debug|x64.Build.0 = Debug|x64
		{802CA1E0-AFA0-3D4D-819E-6BF4CF81DFC9}.Release|x64.ActiveCfg = Release|x64
		{802CA1E0-AFA0-3D4D-819E-6BF4CF81DFC9}.Release|x64.Build.0 = Release|x64
		{802CA1E0-AFA0-3D4D-819E-6BF4CF81DFC9}.MinSizeRel|x64.ActiveCfg = MinSizeRel|x64
		{802CA1E0-AFA0-3D4D-819E-6BF4CF81DFC9}.MinSizeRel|x64.Build.0 = MinSizeRel|x64
		{802CA1E0-AFA0-3D4D-819E-6BF4CF81DFC9}.RelWithDebInfo|x64.ActiveCfg = RelWithDebInfo|x64
		{802CA1E0-AFA0-3D4D-819E-6BF4CF81DFC9}.RelWithDebInfo|x64.Build.0 = RelWithDebInfo|x64
		{D53566DC-AA24-3695-8134-DB8F35850DDE}.Debug|x64.ActiveCfg = Debug|x64
		{D53566DC-AA24-3695-8134-DB8F35850DDE}.Debug|x64.Build.0 = Debug|x64
		{D53566DC-AA24-3695-8134-DB8F35850DDE}.Release|x64.ActiveCfg = Release|x64
		{D53566DC-AA24-3695-8134-DB8F35850DDE}.Release|x64.Build.0 = Release|x64
		{D53566DC-AA24-3695-8134-DB8F35850DDE}.MinSizeRel|x64.ActiveCfg = MinSizeRel|x64
		{D53566DC-AA24-3695-8134-DB8F35850DDE}.MinSizeRel|x64.Build.0 = MinSizeRel|x64
		{D53566DC-AA24-3695-8134-DB8F35850DDE}.RelWithDebInfo|x64.ActiveCfg = RelWithDebInfo|x64
		{D53566DC-AA24-3695-8134-DB8F35850DDE}.RelWithDebInfo|x64.Build.0 = RelWithDebInfo|x64
		{0C6FBDDD-ED4B-3078-995B-8E9829B1CF26}.Debug|x64.ActiveCfg = Debug|x64
		{0C6FBDDD-ED4B-3078-995B-8E9829B1CF26}.Debug|x64.Build.0 = Debug|x64
		{0C6FBDDD-ED4B-3078-995B-8E9829B1CF26}.Release|x64.ActiveCfg = Release|x64
		{0C6FBDDD-ED4B-3078-995B-8E9829B1CF26}.Release|x64.Build.0 = Release|x64
		{0C6FBDDD-ED4B-3078-995B-8E9829B1CF26}.MinSizeRel|x64.ActiveCfg = MinSizeRel|x64
		{0C6FBDDD-ED4B-3078-995B-8E9829B1CF26}.MinSizeRel|x64.Build.0 = MinSizeRel|x64
		{0C6FBDDD-ED4B-3078-995B-8E9829B1CF26}.RelWithDebInfo|x64.ActiveCfg = RelWithDebInfo|x64
		{0C6FBDDD-ED4B-3078-995B-8E9829B1CF26}.RelWithDebInfo|x64.Build.0 = RelWithDebInfo|x64
		{FD88DB6E-9A65-3C3B-A4C9-C79E080AB419}.Debug|x64.ActiveCfg = Debug|x64
		{FD88DB6E-9A65-3C3B-A4C9-C79E080AB419}.Debug|x64.Build.0 = Debug|x64
		{FD88DB6E-9A65-3C3B-A4C9-C79E080AB419}.Release|x64.ActiveCfg = Release|x64
		{FD88DB6E-9A65-3C3B-A4C9-C79E080AB419}.Release|x64.Build.0 = Release|x64
		{FD88DB6E-9A65-3C3B-A4C9-C79E080AB419}.MinSizeRel|x64.ActiveCfg = MinSizeRel|x64
		{FD88DB6E-9A65-3C3B-A4C9-C79E080AB419}.MinSizeRel|x64.Build.0 = MinSizeRel|x64
		{FD88DB6E-9A65-3C3B-A4C9-C79E080AB419}.RelWithDebInfo|x64.ActiveCfg = RelWithDebInfo|x64
		{FD88DB6E-9A65-3C3B-A4C9-C79E080AB419}.RelWithDebInfo|x64.Build.0 = RelWithDebInfo|x64
		{1098862B-418D-3298-801D-8D36742170F7}.Debug|x64.ActiveCfg = Debug|x64
		{1098862B-418D-3298-801D-8D36742170F7}.Debug|x64.Build.0 = Debug|x64
		{1098862B-418D-3298-801D-8D36742170F7}.Release|x64.ActiveCfg = Release|x64
		{1098862B-418D-3298-801D-8D36742170F7}.Release|x64.Build.0 = Release|x64
		{1098862B-418D-3298-801D-8D36742170F7}.MinSizeRel|x64.ActiveCfg = MinSizeRel|x64
		{1098862B-418D-3298-801D-8D36742170F7}.MinSizeRel|x64.Build.0 = MinSizeRel|x64
		{1098862B-418D-3298-801D-8D36742170F7}.RelWithDebInfo|x64.ActiveCfg = RelWithDebInfo|x64
		{1098862B-418D-3298-801D-8D36742170F7}.RelWithDebInfo|x64.Build.0 = RelWithDebInfo|x64
		{24A46735-744D-3A30-8617-F52BE50C3F92}.Debug|x64.ActiveCfg = Debug|x64
		{24A46735-744D-3A30-8617-F52BE50C3F92}.Debug|x64.Build.0 = Debug|x64
		{24A46735-744D-3A30-8617-F52BE50C3F92}.Release|x64.ActiveCfg = Release|x64
		{24A46735-744D-3A30-8617-F52BE50C3F92}.Release|x64.Build.0 = Release|x64
		{24A46735-744D-3A30-8617-F52BE50C3F92}.MinSizeRel|x64.ActiveCfg = MinSizeRel|x64
		{24A46735-744D-3A30-8617-F52BE50C3F92}.MinSizeRel|x64.Build.0 = MinSizeRel|x64
		{24A46735-744D-3A30-8617-F52BE50C3F92}.RelWithDebInfo|x64.ActiveCfg = RelWithDebInfo|x64
		{24A46735-744D-3A30-8617-F52BE50C3F92}.RelWithDebInfo|x64.Build.0 = RelWithDebInfo|x64
		{4E9D6296-2283-3096-8473-10AA28DFC1A5}.Debug|x64.ActiveCfg = Debug|x64
		{4E9D6296-2283-3096-8473-10AA28DFC1A5}.Debug|x64.Build.0 = Debug|x64
		{4E9D6296-2283-3096-8473-10AA28DFC1A5}.Release|x64.ActiveCfg = Release|x64
		{4E9D6296-2283-3096-8473-10AA28DFC1A5}.Release|x64.Build.0 = Release|x64
		{4E9D6296-2283-3096-8473-10AA28DFC1A5}.MinSizeRel|x64.ActiveCfg = MinSizeRel|x64
		{4E9D6296-2283-3096-8473-10AA28DFC1A5}.MinSizeRel|x64.Build.0 = MinSizeRel|x64
		{4E9D6296-2283-3096-8473-10AA28DFC1A5}.RelWithDebInfo|x64.ActiveCfg = RelWithDebInfo|x64
		{4E9D6296-2283-3096-8473-10AA28DFC1A5}.RelWithDebInfo|x64.Build.0 = RelWithDebInfo|x64
		{F7887256-A3B7-316A-8041-E0D0F44C631E}.Debug|x64.ActiveCfg = Debug|x64
		{F7887256-A3B7-316A-8041-E0D0F44C631E}.Debug|x64.Build.0 = Debug|x64
		{F7887256-A3B7-316A-8041-E0D0F44C631E}.Release|x64.ActiveCfg = Release|x64
		{F7887256-A3B7-316A-8041-E0D0F44C631E}.Release|x64.Build.0 = Release|x64
		{F7887256-A3B7-316A-8041-E0D0F44C631E}.MinSizeRel|x64.ActiveCfg = MinSizeRel|x64
		{F7887256-A3B7-316A-8041-E0D0F44C631E}.MinSizeRel|x64.Build.0 = MinSizeRel|x64
		{F7887256-A3B7-316A-8041-E0D0F44C631E}.RelWithDebInfo|x64.ActiveCfg = RelWithDebInfo|x64
		{F7887256-A3B7-316A-8041-E0D0F44C631E}.RelWithDebInfo|x64.Build.0 = RelWithDebInfo|x64
		{C01AD3E9-93CF-32E4-94AF-A223799FC985}.Debug|x64.ActiveCfg = Debug|x64
		{C01AD3E9-93CF-32E4-94AF-A223799FC985}.Debug|x64.Build.0 = Debug|x64
		{C01AD3E9-93CF-32E4-94AF-A223799FC985}.Release|x64.ActiveCfg = Release|x64
		{C01AD3E9-93CF-32E4-94AF-A223799FC985}.Release|x64.Build.0 = Release|x64
		{C01AD3E9-93CF-32E4-94AF-A223799FC985}.MinSizeRel|x64.ActiveCfg = MinSizeRel|x64
		{C01AD3E9-93CF-32E4-94AF-A223799FC985}.MinSizeRel|x64.Build.0 = MinSizeRel|x64
		{C01AD3E9-93CF-32E4-94AF-A223799FC985}.RelWithDebInfo|x64.ActiveCfg = RelWithDebInfo|x64
		{C01AD3E9-93CF-32E4-94AF-A223799FC985}.RelWithDebInfo|x64.Build.0 = RelWithDebInfo|x64
		{E96FDAFE-985B-3424-81C1-20D33C0478AC}.Debug|x64.ActiveCfg = Debug|x64
		{E96FDAFE-985B-3424-81C1-20D33C0478AC}.Debug|x64.Build.0 = Debug|x64
		{E96FDAFE-985B-3424-81C1-20D33C0478AC}.Release|x64.ActiveCfg = Release|x64
		{E96FDAFE-985B-3424-81C1-20D33C0478AC}.Release|x64.Build.0 = Release|x64
		{E96FDAFE-985B-3424-81C1-20D33C0478AC}.MinSizeRel|x64.ActiveCfg = MinSizeRel|x64
		{E96FDAFE-985B-3424-81C1-20D33C0478AC}.MinSizeRel|x64.Build.0 = MinSizeRel|x64
		{E96FDAFE-985B-3424-81C1-20D33C0478AC}.RelWithDebInfo|x64.ActiveCfg = RelWithDebInfo|x64
		{E96FDAFE-985B-3424-81C1-20D33C0478AC}.RelWithDebInfo|x64.Build.0 = RelWithDebInfo|x64
		{2B09702C-395A-38ED-84DB-EF4C380C12E0}.Debug|x64.ActiveCfg = Debug|x64
		{2B09702C-395A-38ED-84DB-EF4C380C12E0}.Debug|x64.Build.0 = Debug|x64
		{2B09702C-395A-38ED-84DB-EF4C380C12E0}.Release|x64.ActiveCfg = Release|x64
		{2B09702C-395A-38ED-84DB-EF4C380C12E0}.Release|x64.Build.0 = Release|x64
		{2B09702C-395A-38ED-84DB-EF4C380C12E0}.MinSizeRel|x64.ActiveCfg = MinSizeRel|x64
		{2B09702C-395A-38ED-84DB-EF4C380C12E0}.MinSizeRel|x64.Build.0 = MinSizeRel|x64
		{2B09702C-395A-38ED-84DB-EF4C380C12E0}.RelWithDebInfo|x64.ActiveCfg = RelWithDebInfo|x64
		{2B09702C-395A-38ED-84DB-EF4C380C12E0}.RelWithDebInfo|x64.Build.0 = RelWithDebInfo|x64
		{19ACA2D9-EE06-3F7A-A5A6-63FE3409E66A}.Debug|x64.ActiveCfg = Debug|x64
		{19ACA2D9-EE06-3F7A-A5A6-63FE3409E66A}.Debug|x64.Build.0 = Debug|x64
		{19ACA2D9-EE06-3F7A-A5A6-63FE3409E66A}.Release|x64.ActiveCfg = Release|x64
		{19ACA2D9-EE06-3F7A-A5A6-63FE3409E66A}.Release|x64.Build.0 = Release|x64
		{19ACA2D9-EE06-3F7A-A5A6-63FE3409E66A}.MinSizeRel|x64.ActiveCfg = MinSizeRel|x64
		{19ACA2D9-EE06-3F7A-A5A6-63FE3409E66A}.MinSizeRel|x64.Build.0 = MinSizeRel|x64
		{19ACA2D9-EE06-3F7A-A5A6-63FE3409E66A}.RelWithDebInfo|x64.ActiveCfg = RelWithDebInfo|x64
		{19ACA2D9-EE06-3F7A-A5A6-63FE3409E66A}.RelWithDebInfo|x64.Build.0 = RelWithDebInfo|x64
		{DE48BED0-BACE-3DE3-9742-26F5A716D607}.Debug|x64.ActiveCfg = Debug|x64
		{DE48BED0-BACE-3DE3-9742-26F5A716D607}.Debug|x64.Build.0 = Debug|x64
		{DE48BED0-BACE-3DE3-9742-26F5A716D607}.Release|x64.ActiveCfg = Release|x64
		{DE48BED0-BACE-3DE3-9742-26F5A716D607}.Release|x64.Build.0 = Release|x64
		{DE48BED0-BACE-3DE3-9742-26F5A716D607}.MinSizeRel|x64.ActiveCfg = MinSizeRel|x64
		{DE48BED0-BACE-3DE3-9742-26F5A716D607}.MinSizeRel|x64.Build.0 = MinSizeRel|x64
		{DE48BED0-BACE-3DE3-9742-26F5A716D607}.RelWithDebInfo|x64.ActiveCfg = RelWithDebInfo|x64
		{DE48BED0-BACE-3DE3-9742-26F5A716D607}.RelWithDebInfo|x64.Build.0 = RelWithDebInfo|x64
		{27E27171-D5AC-3868-B9B7-FFB4D73CE421}.Debug|x64.ActiveCfg = Debug|x64
		{27E27171-D5AC-3868-B9B7-FFB4D73CE421}.Debug|x64.Build.0 = Debug|x64
		{27E27171-D5AC-3868-B9B7-FFB4D73CE421}.Release|x64.ActiveCfg = Release|x64
		{27E27171-D5AC-3868-B9B7-FFB4D73CE421}.Release|x64.Build.0 = Release|x64
		{27E27171-D5AC-3868-B9B7-FFB4D73CE421}.MinSizeRel|x64.ActiveCfg = MinSizeRel|x64
		{27E27171-D5AC-3868-B9B7-FFB4D73CE421}.MinSizeRel|x64.Build.0 = MinSizeRel|x64
		{27E27171-D5AC-3868-B9B7-FFB4D73CE421}.RelWithDebInfo|x64.ActiveCfg = RelWithDebInfo|x64
		{27E27171-D5AC-3868-B9B7-FFB4D73CE421}.RelWithDebInfo|x64.Build.0 = RelWithDebInfo|x64
		{D6AE96F1-1488-35B4-A42F-2C30342D1C22}.Debug|x64.ActiveCfg = Debug|x64
		{D6AE96F1-1488-35B4-A42F-2C30342D1C22}.Debug|x64.Build.0 = Debug|x64
		{D6AE96F1-1488-35B4-A42F-2C30342D1C22}.Release|x64.ActiveCfg = Release|x64
		{D6AE96F1-1488-35B4-A42F-2C30342D1C22}.Release|x64.Build.0 = Release|x64
		{D6AE96F1-1488-35B4-A42F-2C30342D1C22}.MinSizeRel|x64.ActiveCfg = MinSizeRel|x64
		{D6AE96F1-1488-35B4-A42F-2C30342D1C22}.MinSizeRel|x64.Build.0 = MinSizeRel|x64
		{D6AE96F1-1488-35B4-A42F-2C30342D1C22}.RelWithDebInfo|x64.ActiveCfg = RelWithDebInfo|x64
		{D6AE96F1-1488-35B4-A42F-2C30342D1C22}.RelWithDebInfo|x64.Build.0 = RelWithDebInfo|x64
		{6DE31F73-0B43-3DA2-A1E7-8AAB900BFA5E}.Debug|x64.ActiveCfg = Debug|x64
		{6DE31F73-0B43-3DA2-A1E7-8AAB900BFA5E}.Debug|x64.Build.0 = Debug|x64
		{6DE31F73-0B43-3DA2-A1E7-8AAB900BFA5E}.Release|x64.ActiveCfg = Release|x64
		{6DE31F73-0B43-3DA2-A1E7-8AAB900BFA5E}.Release|x64.Build.0 = Release|x64
		{6DE31F73-0B43-3DA2-A1E7-8AAB900BFA5E}.MinSizeRel|x64.ActiveCfg = MinSizeRel|x64
		{6DE31F73-0B43-3DA2-A1E7-8AAB900BFA5E}.MinSizeRel|x64.Build.0 = MinSizeRel|x64
		{6DE31F73-0B43-3DA2-A1E7-8AAB900BFA5E}.RelWithDebInfo|x64.ActiveCfg = RelWithDebInfo|x64
		{6DE31F73-0B43-3DA2-A1E7-8AAB900BFA5E}.RelWithDebInfo|x64.Build.0 = RelWithDebInfo|x64
		{03FD0F22-1434-3D10-9860-D21CFDA9EF46}.Debug|x64.ActiveCfg = Debug|x64
		{03FD0F22-1434-3D10-9860-D21CFDA9EF46}.Debug|x64.Build.0 = Debug|x64
		{03FD0F22-1434-3D10-9860-D21CFDA9EF46}.Release|x64.ActiveCfg = Release|x64
		{03FD0F22-1434-3D10-9860-D21CFDA9EF46}.Release|x64.Build.0 = Release|x64
		{03FD0F22-1434-3D10-9860-D21CFDA9EF46}.MinSizeRel|x64.ActiveCfg = MinSizeRel|x64
		{03FD0F22-1434-3D10-9860-D21CFDA9EF46}.MinSizeRel|x64.Build.0 = MinSizeRel|x64
		{03FD0F22-1434-3D10-9860-D21CFDA9EF46}.RelWithDebInfo|x64.ActiveCfg = RelWithDebInfo|x64
		{03FD0F22-1434-3D10-9860-D21CFDA9EF46}.RelWithDebInfo|x64.Build.0 = RelWithDebInfo|x64
		{D3D0DBA8-DAD4-3AB9-B438-6E08BC91B877}.Debug|x64.ActiveCfg = Debug|x64
		{D3D0DBA8-DAD4-3AB9-B438-6E08BC91B877}.Debug|x64.Build.0 = Debug|x64
		{D3D0DBA8-DAD4-3AB9-B438-6E08BC91B877}.Release|x64.ActiveCfg = Release|x64
		{D3D0DBA8-DAD4-3AB9-B438-6E08BC91B877}.Release|x64.Build.0 = Release|x64
		{D3D0DBA8-DAD4-3AB9-B438-6E08BC91B877}.MinSizeRel|x64.ActiveCfg = MinSizeRel|x64
		{D3D0DBA8-DAD4-3AB9-B438-6E08BC91B877}.MinSizeRel|x64.Build.0 = MinSizeRel|x64
		{D3D0DBA8-DAD4-3AB9-B438-6E08BC91B877}.RelWithDebInfo|x64.ActiveCfg = RelWithDebInfo|x64
		{D3D0DBA8-DAD4-3AB9-B438-6E08BC91B877}.RelWithDebInfo|x64.Build.0 = RelWithDebInfo|x64
		{C970C62A-AC4A-3C85-9CCC-D58308780150}.Debug|x64.ActiveCfg = Debug|x64
		{C970C62A-AC4A-3C85-9CCC-D58308780150}.Debug|x64.Build.0 = Debug|x64
		{C970C62A-AC4A-3C85-9CCC-D58308780150}.Release|x64.ActiveCfg = Release|x64
		{C970C62A-AC4A-3C85-9CCC-D58308780150}.Release|x64.Build.0 = Release|x64
		{C970C62A-AC4A-3C85-9CCC-D58308780150}.MinSizeRel|x64.ActiveCfg = MinSizeRel|x64
		{C970C62A-AC4A-3C85-9CCC-D58308780150}.MinSizeRel|x64.Build.0 = MinSizeRel|x64
		{C970C62A-AC4A-3C85-9CCC-D58308780150}.RelWithDebInfo|x64.ActiveCfg = RelWithDebInfo|x64
		{C970C62A-AC4A-3C85-9CCC-D58308780150}.RelWithDebInfo|x64.Build.0 = RelWithDebInfo|x64
		{2B05C866-3533-39CA-8473-AAA6572C4EAF}.Debug|x64.ActiveCfg = Debug|x64
		{2B05C866-3533-39CA-8473-AAA6572C4EAF}.Debug|x64.Build.0 = Debug|x64
		{2B05C866-3533-39CA-8473-AAA6572C4EAF}.Release|x64.ActiveCfg = Release|x64
		{2B05C866-3533-39CA-8473-AAA6572C4EAF}.Release|x64.Build.0 = Release|x64
		{2B05C866-3533-39CA-8473-AAA6572C4EAF}.MinSizeRel|x64.ActiveCfg = MinSizeRel|x64
		{2B05C866-3533-39CA-8473-AAA6572C4EAF}.MinSizeRel|x64.Build.0 = MinSizeRel|x64
		{2B05C866-3533-39CA-8473-AAA6572C4EAF}.RelWithDebInfo|x64.ActiveCfg = RelWithDebInfo|x64
		{2B05C866-3533-39CA-8473-AAA6572C4EAF}.RelWithDebInfo|x64.Build.0 = RelWithDebInfo|x64
		{61708A3E-5AC3-35D9-8973-7FAF40A67A39}.Debug|x64.ActiveCfg = Debug|x64
		{61708A3E-5AC3-35D9-8973-7FAF40A67A39}.Debug|x64.Build.0 = Debug|x64
		{61708A3E-5AC3-35D9-8973-7FAF40A67A39}.Release|x64.ActiveCfg = Release|x64
		{61708A3E-5AC3-35D9-8973-7FAF40A67A39}.Release|x64.Build.0 = Release|x64
		{61708A3E-5AC3-35D9-8973-7FAF40A67A39}.MinSizeRel|x64.ActiveCfg = MinSizeRel|x64
		{61708A3E-5AC3-35D9-8973-7FAF40A67A39}.MinSizeRel|x64.Build.0 = MinSizeRel|x64
		{61708A3E-5AC3-35D9-8973-7FAF40A67A39}.RelWithDebInfo|x64.ActiveCfg = RelWithDebInfo|x64
		{61708A3E-5AC3-35D9-8973-7FAF40A67A39}.RelWithDebInfo|x64.Build.0 = RelWithDebInfo|x64
		{5BC31D2A-93EE-3B57-88C8-2A5A6BA204C8}.Debug|x64.ActiveCfg = Debug|x64
		{5BC31D2A-93EE-3B57-88C8-2A5A6BA204C8}.Debug|x64.Build.0 = Debug|x64
		{5BC31D2A-93EE-3B57-88C8-2A5A6BA204C8}.Release|x64.ActiveCfg = Release|x64
		{5BC31D2A-93EE-3B57-88C8-2A5A6BA204C8}.Release|x64.Build.0 = Release|x64
		{5BC31D2A-93EE-3B57-88C8-2A5A6BA204C8}.MinSizeRel|x64.ActiveCfg = MinSizeRel|x64
		{5BC31D2A-93EE-3B57-88C8-2A5A6BA204C8}.MinSizeRel|x64.Build.0 = MinSizeRel|x64
		{5BC31D2A-93EE-3B57-88C8-2A5A6BA204C8}.RelWithDebInfo|x64.ActiveCfg = RelWithDebInfo|x64
		{5BC31D2A-93EE-3B57-88C8-2A5A6BA204C8}.RelWithDebInfo|x64.Build.0 = RelWithDebInfo|x64
		{8216BB89-E47E-39D6-BCCC-1967B90DFE8D}.Debug|x64.ActiveCfg = Debug|x64
		{8216BB89-E47E-39D6-BCCC-1967B90DFE8D}.Debug|x64.Build.0 = Debug|x64
		{8216BB89-E47E-39D6-BCCC-1967B90DFE8D}.Release|x64.ActiveCfg = Release|x64
		{8216BB89-E47E-39D6-BCCC-1967B90DFE8D}.Release|x64.Build.0 = Release|x64
		{8216BB89-E47E-39D6-BCCC-1967B90DFE8D}.MinSizeRel|x64.ActiveCfg = MinSizeRel|x64
		{8216BB89-E47E-39D6-BCCC-1967B90DFE8D}.MinSizeRel|x64.Build.0 = MinSizeRel|x64
		{8216BB89-E47E-39D6-BCCC-1967B90DFE8D}.RelWithDebInfo|x64.ActiveCfg = RelWithDebInfo|x64
		{8216BB89-E47E-39D6-BCCC-1967B90DFE8D}.RelWithDebInfo|x64.Build.0 = RelWithDebInfo|x64
		{4075F277-31E3-3564-BC4B-BBA1B1AE8852}.Debug|x64.ActiveCfg = Debug|x64
		{4075F277-31E3-3564-BC4B-BBA1B1AE8852}.Debug|x64.Build.0 = Debug|x64
		{4075F277-31E3-3564-BC4B-BBA1B1AE8852}.Release|x64.ActiveCfg = Release|x64
		{4075F277-31E3-3564-BC4B-BBA1B1AE8852}.Release|x64.Build.0 = Release|x64
		{4075F277-31E3-3564-BC4B-BBA1B1AE8852}.MinSizeRel|x64.ActiveCfg = MinSizeRel|x64
		{4075F277-31E3-3564-BC4B-BBA1B1AE8852}.MinSizeRel|x64.Build.0 = MinSizeRel|x64
		{4075F277-31E3-3564-BC4B-BBA1B1AE8852}.RelWithDebInfo|x64.ActiveCfg = RelWithDebInfo|x64
		{4075F277-31E3-3564-BC4B-BBA1B1AE8852}.RelWithDebInfo|x64.Build.0 = RelWithDebInfo|x64
		{F0C92F4D-7005-3AAB-95EC-81BB615CA9D2}.Debug|x64.ActiveCfg = Debug|x64
		{F0C92F4D-7005-3AAB-95EC-81BB615CA9D2}.Debug|x64.Build.0 = Debug|x64
		{F0C92F4D-7005-3AAB-95EC-81BB615CA9D2}.Release|x64.ActiveCfg = Release|x64
		{F0C92F4D-7005-3AAB-95EC-81BB615CA9D2}.Release|x64.Build.0 = Release|x64
		{F0C92F4D-7005-3AAB-95EC-81BB615CA9D2}.MinSizeRel|x64.ActiveCfg = MinSizeRel|x64
		{F0C92F4D-7005-3AAB-95EC-81BB615CA9D2}.MinSizeRel|x64.Build.0 = MinSizeRel|x64
		{F0C92F4D-7005-3AAB-95EC-81BB615CA9D2}.RelWithDebInfo|x64.ActiveCfg = RelWithDebInfo|x64
		{F0C92F4D-7005-3AAB-95EC-81BB615CA9D2}.RelWithDebInfo|x64.Build.0 = RelWithDebInfo|x64
		{B0E527DF-BD7F-3873-BBBB-0729FA009986}.Debug|x64.ActiveCfg = Debug|x64
		{B0E527DF-BD7F-3873-BBBB-0729FA009986}.Debug|x64.Build.0 = Debug|x64
		{B0E527DF-BD7F-3873-BBBB-0729FA009986}.Release|x64.ActiveCfg = Release|x64
		{B0E527DF-BD7F-3873-BBBB-0729FA009986}.Release|x64.Build.0 = Release|x64
		{B0E527DF-BD7F-3873-BBBB-0729FA009986}.MinSizeRel|x64.ActiveCfg = MinSizeRel|x64
		{B0E527DF-BD7F-3873-BBBB-0729FA009986}.MinSizeRel|x64.Build.0 = MinSizeRel|x64
		{B0E527DF-BD7F-3873-BBBB-0729FA009986}.RelWithDebInfo|x64.ActiveCfg = RelWithDebInfo|x64
		{B0E527DF-BD7F-3873-BBBB-0729FA009986}.RelWithDebInfo|x64.Build.0 = RelWithDebInfo|x64
		{5E79DF5A-89C5-3147-A801-CBF9B5F689B5}.Debug|x64.ActiveCfg = Debug|x64
		{5E79DF5A-89C5-3147-A801-CBF9B5F689B5}.Debug|x64.Build.0 = Debug|x64
		{5E79DF5A-89C5-3147-A801-CBF9B5F689B5}.Release|x64.ActiveCfg = Release|x64
		{5E79DF5A-89C5-3147-A801-CBF9B5F689B5}.Release|x64.Build.0 = Release|x64
		{5E79DF5A-89C5-3147-A801-CBF9B5F689B5}.MinSizeRel|x64.ActiveCfg = MinSizeRel|x64
		{5E79DF5A-89C5-3147-A801-CBF9B5F689B5}.MinSizeRel|x64.Build.0 = MinSizeRel|x64
		{5E79DF5A-89C5-3147-A801-CBF9B5F689B5}.RelWithDebInfo|x64.ActiveCfg = RelWithDebInfo|x64
		{5E79DF5A-89C5-3147-A801-CBF9B5F689B5}.RelWithDebInfo|x64.Build.0 = RelWithDebInfo|x64
		{0D893FED-07BB-3009-8C6D-B9DE145F95D9}.Debug|x64.ActiveCfg = Debug|x64
		{0D893FED-07BB-3009-8C6D-B9DE145F95D9}.Debug|x64.Build.0 = Debug|x64
		{0D893FED-07BB-3009-8C6D-B9DE145F95D9}.Release|x64.ActiveCfg = Release|x64
		{0D893FED-07BB-3009-8C6D-B9DE145F95D9}.Release|x64.Build.0 = Release|x64
		{0D893FED-07BB-3009-8C6D-B9DE145F95D9}.MinSizeRel|x64.ActiveCfg = MinSizeRel|x64
		{0D893FED-07BB-3009-8C6D-B9DE145F95D9}.MinSizeRel|x64.Build.0 = MinSizeRel|x64
		{0D893FED-07BB-3009-8C6D-B9DE145F95D9}.RelWithDebInfo|x64.ActiveCfg = RelWithDebInfo|x64
		{0D893FED-07BB-3009-8C6D-B9DE145F95D9}.RelWithDebInfo|x64.Build.0 = RelWithDebInfo|x64
		{018F8951-5058-38EC-B4A2-F8B473A12AD3}.Debug|x64.ActiveCfg = Debug|x64
		{018F8951-5058-38EC-B4A2-F8B473A12AD3}.Debug|x64.Build.0 = Debug|x64
		{018F8951-5058-38EC-B4A2-F8B473A12AD3}.Release|x64.ActiveCfg = Release|x64
		{018F8951-5058-38EC-B4A2-F8B473A12AD3}.Release|x64.Build.0 = Release|x64
		{018F8951-5058-38EC-B4A2-F8B473A12AD3}.MinSizeRel|x64.ActiveCfg = MinSizeRel|x64
		{018F8951-5058-38EC-B4A2-F8B473A12AD3}.MinSizeRel|x64.Build.0 = MinSizeRel|x64
		{018F8951-5058-38EC-B4A2-F8B473A12AD3}.RelWithDebInfo|x64.ActiveCfg = RelWithDebInfo|x64
		{018F8951-5058-38EC-B4A2-F8B473A12AD3}.RelWithDebInfo|x64.Build.0 = RelWithDebInfo|x64
		{B5EB10D8-C924-3CD4-BFF4-53A74D60A6F4}.Debug|x64.ActiveCfg = Debug|x64
		{B5EB10D8-C924-3CD4-BFF4-53A74D60A6F4}.Debug|x64.Build.0 = Debug|x64
		{B5EB10D8-C924-3CD4-BFF4-53A74D60A6F4}.Release|x64.ActiveCfg = Release|x64
		{B5EB10D8-C924-3CD4-BFF4-53A74D60A6F4}.Release|x64.Build.0 = Release|x64
		{B5EB10D8-C924-3CD4-BFF4-53A74D60A6F4}.MinSizeRel|x64.ActiveCfg = MinSizeRel|x64
		{B5EB10D8-C924-3CD4-BFF4-53A74D60A6F4}.MinSizeRel|x64.Build.0 = MinSizeRel|x64
		{B5EB10D8-C924-3CD4-BFF4-53A74D60A6F4}.RelWithDebInfo|x64.ActiveCfg = RelWithDebInfo|x64
		{B5EB10D8-C924-3CD4-BFF4-53A74D60A6F4}.RelWithDebInfo|x64.Build.0 = RelWithDebInfo|x64
		{303D8CD5-55DA-3DA9-8E84-AEE585624FED}.Debug|x64.ActiveCfg = Debug|x64
		{303D8CD5-55DA-3DA9-8E84-AEE585624FED}.Debug|x64.Build.0 = Debug|x64
		{303D8CD5-55DA-3DA9-8E84-AEE585624FED}.Release|x64.ActiveCfg = Release|x64
		{303D8CD5-55DA-3DA9-8E84-AEE585624FED}.Release|x64.Build.0 = Release|x64
		{303D8CD5-55DA-3DA9-8E84-AEE585624FED}.MinSizeRel|x64.ActiveCfg = MinSizeRel|x64
		{303D8CD5-55DA-3DA9-8E84-AEE585624FED}.MinSizeRel|x64.Build.0 = MinSizeRel|x64
		{303D8CD5-55DA-3DA9-8E84-AEE585624FED}.RelWithDebInfo|x64.ActiveCfg = RelWithDebInfo|x64
		{303D8CD5-55DA-3DA9-8E84-AEE585624FED}.RelWithDebInfo|x64.Build.0 = RelWithDebInfo|x64
		{42D683CD-FD69-3C93-B164-3879A30B9BF1}.Debug|x64.ActiveCfg = Debug|x64
		{42D683CD-FD69-3C93-B164-3879A30B9BF1}.Debug|x64.Build.0 = Debug|x64
		{42D683CD-FD69-3C93-B164-3879A30B9BF1}.Release|x64.ActiveCfg = Release|x64
		{42D683CD-FD69-3C93-B164-3879A30B9BF1}.Release|x64.Build.0 = Release|x64
		{42D683CD-FD69-3C93-B164-3879A30B9BF1}.MinSizeRel|x64.ActiveCfg = MinSizeRel|x64
		{42D683CD-FD69-3C93-B164-3879A30B9BF1}.MinSizeRel|x64.Build.0 = MinSizeRel|x64
		{42D683CD-FD69-3C93-B164-3879A30B9BF1}.RelWithDebInfo|x64.ActiveCfg = RelWithDebInfo|x64
		{42D683CD-FD69-3C93-B164-3879A30B9BF1}.RelWithDebInfo|x64.Build.0 = RelWithDebInfo|x64
		{7EAF2E2C-6D2F-3EC0-B852-41364DDC9E71}.Debug|x64.ActiveCfg = Debug|x64
		{7EAF2E2C-6D2F-3EC0-B852-41364DDC9E71}.Debug|x64.Build.0 = Debug|x64
		{7EAF2E2C-6D2F-3EC0-B852-41364DDC9E71}.Release|x64.ActiveCfg = Release|x64
		{7EAF2E2C-6D2F-3EC0-B852-41364DDC9E71}.Release|x64.Build.0 = Release|x64
		{7EAF2E2C-6D2F-3EC0-B852-41364DDC9E71}.MinSizeRel|x64.ActiveCfg = MinSizeRel|x64
		{7EAF2E2C-6D2F-3EC0-B852-41364DDC9E71}.MinSizeRel|x64.Build.0 = MinSizeRel|x64
		{7EAF2E2C-6D2F-3EC0-B852-41364DDC9E71}.RelWithDebInfo|x64.ActiveCfg = RelWithDebInfo|x64
		{7EAF2E2C-6D2F-3EC0-B852-41364DDC9E71}.RelWithDebInfo|x64.Build.0 = RelWithDebInfo|x64
		{775BC640-A98D-365D-B434-38CD14BFF2C4}.Debug|x64.ActiveCfg = Debug|x64
		{775BC640-A98D-365D-B434-38CD14BFF2C4}.Debug|x64.Build.0 = Debug|x64
		{775BC640-A98D-365D-B434-38CD14BFF2C4}.Release|x64.ActiveCfg = Release|x64
		{775BC640-A98D-365D-B434-38CD14BFF2C4}.Release|x64.Build.0 = Release|x64
		{775BC640-A98D-365D-B434-38CD14BFF2C4}.MinSizeRel|x64.ActiveCfg = MinSizeRel|x64
		{775BC640-A98D-365D-B434-38CD14BFF2C4}.MinSizeRel|x64.Build.0 = MinSizeRel|x64
		{775BC640-A98D-365D-B434-38CD14BFF2C4}.RelWithDebInfo|x64.ActiveCfg = RelWithDebInfo|x64
		{775BC640-A98D-365D-B434-38CD14BFF2C4}.RelWithDebInfo|x64.Build.0 = RelWithDebInfo|x64
		{344C2D41-201D-3E84-9011-D78263190F33}.Debug|x64.ActiveCfg = Debug|x64
		{344C2D41-201D-3E84-9011-D78263190F33}.Debug|x64.Build.0 = Debug|x64
		{344C2D41-201D-3E84-9011-D78263190F33}.Release|x64.ActiveCfg = Release|x64
		{344C2D41-201D-3E84-9011-D78263190F33}.Release|x64.Build.0 = Release|x64
		{344C2D41-201D-3E84-9011-D78263190F33}.MinSizeRel|x64.ActiveCfg = MinSizeRel|x64
		{344C2D41-201D-3E84-9011-D78263190F33}.MinSizeRel|x64.Build.0 = MinSizeRel|x64
		{344C2D41-201D-3E84-9011-D78263190F33}.RelWithDebInfo|x64.ActiveCfg = RelWithDebInfo|x64
		{344C2D41-201D-3E84-9011-D78263190F33}.RelWithDebInfo|x64.Build.0 = RelWithDebInfo|x64
		{F6AAE8A2-C5AD-32A7-84C1-5355EA0BB7D0}.Debug|x64.ActiveCfg = Debug|x64
		{F6AAE8A2-C5AD-32A7-84C1-5355EA0BB7D0}.Debug|x64.Build.0 = Debug|x64
		{F6AAE8A2-C5AD-32A7-84C1-5355EA0BB7D0}.Release|x64.ActiveCfg = Release|x64
		{F6AAE8A2-C5AD-32A7-84C1-5355EA0BB7D0}.Release|x64.Build.0 = Release|x64
		{F6AAE8A2-C5AD-32A7-84C1-5355EA0BB7D0}.MinSizeRel|x64.ActiveCfg = MinSizeRel|x64
		{F6AAE8A2-C5AD-32A7-84C1-5355EA0BB7D0}.MinSizeRel|x64.Build.0 = MinSizeRel|x64
		{F6AAE8A2-C5AD-32A7-84C1-5355EA0BB7D0}.RelWithDebInfo|x64.ActiveCfg = RelWithDebInfo|x64
		{F6AAE8A2-C5AD-32A7-84C1-5355EA0BB7D0}.RelWithDebInfo|x64.Build.0 = RelWithDebInfo|x64
		{18ACDDD7-9259-3B2E-95F0-F6E3DDAF6780}.Debug|x64.ActiveCfg = Debug|x64
		{18ACDDD7-9259-3B2E-95F0-F6E3DDAF6780}.Debug|x64.Build.0 = Debug|x64
		{18ACDDD7-9259-3B2E-95F0-F6E3DDAF6780}.Release|x64.ActiveCfg = Release|x64
		{18ACDDD7-9259-3B2E-95F0-F6E3DDAF6780}.Release|x64.Build.0 = Release|x64
		{18ACDDD7-9259-3B2E-95F0-F6E3DDAF6780}.MinSizeRel|x64.ActiveCfg = MinSizeRel|x64
		{18ACDDD7-9259-3B2E-95F0-F6E3DDAF6780}.MinSizeRel|x64.Build.0 = MinSizeRel|x64
		{18ACDDD7-9259-3B2E-95F0-F6E3DDAF6780}.RelWithDebInfo|x64.ActiveCfg = RelWithDebInfo|x64
		{18ACDDD7-9259-3B2E-95F0-F6E3DDAF6780}.RelWithDebInfo|x64.Build.0 = RelWithDebInfo|x64
		{F505732D-AC17-3771-9267-9CC47D3D6C9D}.Debug|x64.ActiveCfg = Debug|x64
		{F505732D-AC17-3771-9267-9CC47D3D6C9D}.Debug|x64.Build.0 = Debug|x64
		{F505732D-AC17-3771-9267-9CC47D3D6C9D}.Release|x64.ActiveCfg = Release|x64
		{F505732D-AC17-3771-9267-9CC47D3D6C9D}.Release|x64.Build.0 = Release|x64
		{F505732D-AC17-3771-9267-9CC47D3D6C9D}.MinSizeRel|x64.ActiveCfg = MinSizeRel|x64
		{F505732D-AC17-3771-9267-9CC47D3D6C9D}.MinSizeRel|x64.Build.0 = MinSizeRel|x64
		{F505732D-AC17-3771-9267-9CC47D3D6C9D}.RelWithDebInfo|x64.ActiveCfg = RelWithDebInfo|x64
		{F505732D-AC17-3771-9267-9CC47D3D6C9D}.RelWithDebInfo|x64.Build.0 = RelWithDebInfo|x64
		{A154FCF0-E0F0-3D55-96B4-35B0C8D8BEC7}.Debug|x64.ActiveCfg = Debug|x64
		{A154FCF0-E0F0-3D55-96B4-35B0C8D8BEC7}.Debug|x64.Build.0 = Debug|x64
		{A154FCF0-E0F0-3D55-96B4-35B0C8D8BEC7}.Release|x64.ActiveCfg = Release|x64
		{A154FCF0-E0F0-3D55-96B4-35B0C8D8BEC7}.Release|x64.Build.0 = Release|x64
		{A154FCF0-E0F0-3D55-96B4-35B0C8D8BEC7}.MinSizeRel|x64.ActiveCfg = MinSizeRel|x64
		{A154FCF0-E0F0-3D55-96B4-35B0C8D8BEC7}.MinSizeRel|x64.Build.0 = MinSizeRel|x64
		{A154FCF0-E0F0-3D55-96B4-35B0C8D8BEC7}.RelWithDebInfo|x64.ActiveCfg = RelWithDebInfo|x64
		{A154FCF0-E0F0-3D55-96B4-35B0C8D8BEC7}.RelWithDebInfo|x64.Build.0 = RelWithDebInfo|x64
		{F12C94DB-7638-38E8-8CE0-01A86A861FC6}.Debug|x64.ActiveCfg = Debug|x64
		{F12C94DB-7638-38E8-8CE0-01A86A861FC6}.Debug|x64.Build.0 = Debug|x64
		{F12C94DB-7638-38E8-8CE0-01A86A861FC6}.Release|x64.ActiveCfg = Release|x64
		{F12C94DB-7638-38E8-8CE0-01A86A861FC6}.Release|x64.Build.0 = Release|x64
		{F12C94DB-7638-38E8-8CE0-01A86A861FC6}.MinSizeRel|x64.ActiveCfg = MinSizeRel|x64
		{F12C94DB-7638-38E8-8CE0-01A86A861FC6}.MinSizeRel|x64.Build.0 = MinSizeRel|x64
		{F12C94DB-7638-38E8-8CE0-01A86A861FC6}.RelWithDebInfo|x64.ActiveCfg = RelWithDebInfo|x64
		{F12C94DB-7638-38E8-8CE0-01A86A861FC6}.RelWithDebInfo|x64.Build.0 = RelWithDebInfo|x64
		{C3B2D110-BB51-350A-A393-5B4B21326515}.Debug|x64.ActiveCfg = Debug|x64
		{C3B2D110-BB51-350A-A393-5B4B21326515}.Debug|x64.Build.0 = Debug|x64
		{C3B2D110-BB51-350A-A393-5B4B21326515}.Release|x64.ActiveCfg = Release|x64
		{C3B2D110-BB51-350A-A393-5B4B21326515}.Release|x64.Build.0 = Release|x64
		{C3B2D110-BB51-350A-A393-5B4B21326515}.MinSizeRel|x64.ActiveCfg = MinSizeRel|x64
		{C3B2D110-BB51-350A-A393-5B4B21326515}.MinSizeRel|x64.Build.0 = MinSizeRel|x64
		{C3B2D110-BB51-350A-A393-5B4B21326515}.RelWithDebInfo|x64.ActiveCfg = RelWithDebInfo|x64
		{C3B2D110-BB51-350A-A393-5B4B21326515}.RelWithDebInfo|x64.Build.0 = RelWithDebInfo|x64
		{DDEB5073-3B5E-32E5-8981-1B2D253D906B}.Debug|x64.ActiveCfg = Debug|x64
		{DDEB5073-3B5E-32E5-8981-1B2D253D906B}.Debug|x64.Build.0 = Debug|x64
		{DDEB5073-3B5E-32E5-8981-1B2D253D906B}.Release|x64.ActiveCfg = Release|x64
		{DDEB5073-3B5E-32E5-8981-1B2D253D906B}.Release|x64.Build.0 = Release|x64
		{DDEB5073-3B5E-32E5-8981-1B2D253D906B}.MinSizeRel|x64.ActiveCfg = MinSizeRel|x64
		{DDEB5073-3B5E-32E5-8981-1B2D253D906B}.MinSizeRel|x64.Build.0 = MinSizeRel|x64
		{DDEB5073-3B5E-32E5-8981-1B2D253D906B}.RelWithDebInfo|x64.ActiveCfg = RelWithDebInfo|x64
		{DDEB5073-3B5E-32E5-8981-1B2D253D906B}.RelWithDebInfo|x64.Build.0 = RelWithDebInfo|x64
	EndGlobalSection
	GlobalSection(ExtensibilityGlobals) = postSolution
		SolutionGuid = {201FF70C-34D3-3DBC-8676-FCD2D0B8F3EC}
	EndGlobalSection
	GlobalSection(ExtensibilityAddIns) = postSolution
	EndGlobalSection
EndGlobal
